{"SurveyEntry": {"SurveyID": "SV_6DuRFRTHksRe2Pk", "SurveyName": "IOB Graduate Student Satisfaction Survey", "SurveyDescription": null, "SurveyOwnerID": "UR_82hSeBo3AjuxM5U", "SurveyBrandID": "ugeorgia", "DivisionID": "DV_42V8qKI9A0TWwfj", "SurveyLanguage": "EN", "SurveyActiveResponseSet": "RS_9RklDCuLEQqAURw", "SurveyStatus": "Inactive", "SurveyStartDate": "0000-00-00 00:00:00", "SurveyExpirationDate": "0000-00-00 00:00:00", "SurveyCreationDate": "2023-11-07 11:11:10", "CreatorID": "UR_82hSeBo3AjuxM5U", "LastModified": "2023-11-07 11:11:16", "LastAccessed": "0000-00-00 00:00:00", "LastActivated": "0000-00-00 00:00:00", "Deleted": null}, "SurveyElements": [{"SurveyID": "SV_6DuRFRTHksRe2Pk", "Element": "BL", "PrimaryAttribute": "Survey Blocks", "SecondaryAttribute": null, "TertiaryAttribute": null, "Payload": {"0": {"Type": "Trash", "Description": "Trash / Unused Questions", "ID": "BL_2bKEfUWbvKFUF5I"}, "1": {"Description": "Instructions", "Type": "Standard", "BlockElements": [{"Type": "Question", "QuestionID": "QID1"}], "ID": "BL_000000000000001"}, "2": {"Description": "Student Info", "Type": "Standard", "BlockElements": [{"Type": "Question", "QuestionID": "QID2"}, {"Type": "Question", "QuestionID": "QID3"}, {"Type": "Question", "QuestionID": "QID4"}, {"Type": "Question", "QuestionID": "QID5"}, {"Type": "Question", "QuestionID": "QID6"}], "ID": "BL_000000000000002"}, "3": {"Description": "Recruitment", "Type": "Standard", "BlockElements": [{"Type": "Question", "QuestionID": "QID7"}, {"Type": "Question", "QuestionID": "QID8"}, {"Type": "Question", "QuestionID": "QID9"}, {"Type": "Question", "QuestionID": "QID10"}, {"Type": "Question", "QuestionID": "QID11"}, {"Type": "Question", "QuestionID": "QID12"}], "ID": "BL_000000000000003"}, "4": {"Description": "Overall Satisfaction", "Type": "Standard", "BlockElements": [{"Type": "Question", "QuestionID": "QID13"}, {"Type": "Question", "QuestionID": "QID14"}, {"Type": "Question", "QuestionID": "QID15"}, {"Type": "Page Break"}, {"Type": "Question", "QuestionID": "QID16"}, {"Type": "Question", "QuestionID": "QID17"}, {"Type": "Question", "QuestionID": "QID18"}, {"Type": "Question", "QuestionID": "QID19"}, {"Type": "Page Break"}, {"Type": "Question", "QuestionID": "QID20"}, {"Type": "Question", "QuestionID": "QID21"}, {"Type": "Page Break"}, {"Type": "Question", "QuestionID": "QID22"}, {"Type": "Question", "QuestionID": "QID23"}, {"Type": "Question", "QuestionID": "QID24"}, {"Type": "Question", "QuestionID": "QID25"}, {"Type": "Question", "QuestionID": "QID26"}, {"Type": "Question", "QuestionID": "QID27"}, {"Type": "Question", "QuestionID": "QID28"}, {"Type": "Page Break"}, {"Type": "Question", "QuestionID": "QID29"}], "ID": "BL_000000000000004"}, "5": {"Description": "Mentoring", "Type": "Standard", "BlockElements": [{"Type": "Question", "QuestionID": "QID30"}, {"Type": "Question", "QuestionID": "QID31"}, {"Type": "Question", "QuestionID": "QID32"}, {"Type": "Question", "QuestionID": "QID33"}, {"Type": "Question", "QuestionID": "QID34"}, {"Type": "Question", "QuestionID": "QID35"}], "ID": "BL_000000000000005"}, "6": {"Description": "Coursework", "Type": "Standard", "BlockElements": [{"Type": "Question", "QuestionID": "QID36"}, {"Type": "Question", "QuestionID": "QID37"}, {"Type": "Question", "QuestionID": "QID38"}, {"Type": "Question", "QuestionID": "QID39"}], "ID": "BL_000000000000006"}, "7": {"Description": "Communication and Community", "Type": "Standard", "BlockElements": [{"Type": "Question", "QuestionID": "QID40"}, {"Type": "Question", "QuestionID": "QID41"}, {"Type": "Question", "QuestionID": "QID42"}], "ID": "BL_000000000000007"}, "8": {"Description": "BIGSA and Social Events", "Type": "Standard", "BlockElements": [{"Type": "Question", "QuestionID": "QID43"}, {"Type": "Question", "QuestionID": "QID44"}, {"Type": "Question", "QuestionID": "QID45"}], "ID": "BL_000000000000008"}, "9": {"Description": "Career Development", "Type": "Standard", "BlockElements": [{"Type": "Question", "QuestionID": "QID46"}, {"Type": "Question", "QuestionID": "QID47"}, {"Type": "Question", "QuestionID": "QID48"}, {"Type": "Question", "QuestionID": "QID49"}, {"Type": "Question", "QuestionID": "QID50"}, {"Type": "Question", "QuestionID": "QID51"}], "ID": "BL_000000000000009"}, "10": {"Description": "Wellbeing", "Type": "Standard", "BlockElements": [{"Type": "Question", "QuestionID": "QID52"}, {"Type": "Question", "QuestionID": "QID53"}, {"Type": "Question", "QuestionID": "QID54"}, {"Type": "Question", "QuestionID": "QID55"}, {"Type": "Question", "QuestionID": "QID56"}, {"Type": "Question", "QuestionID": "QID57"}, {"Type": "Question", "QuestionID": "QID58"}, {"Type": "Question", "QuestionID": "QID59"}, {"Type": "Question", "QuestionID": "QID60"}, {"Type": "Question", "QuestionID": "QID61"}], "ID": "BL_000000000000010"}, "11": {"Description": "Final Comments", "Type": "Standard", "BlockElements": [{"Type": "Question", "QuestionID": "QID62"}], "ID": "BL_000000000000011"}}}, {"SurveyID": "SV_6DuRFRTHksRe2Pk", "Element": "FL", "PrimaryAttribute": "Survey Flow", "SecondaryAttribute": null, "TertiaryAttribute": null, "Payload": {"Flow": [{"ID": "BL_000000000000001", "Type": "Block", "FlowID": "FL_2"}, {"ID": "BL_000000000000002", "Type": "Block", "FlowID": "FL_3"}, {"ID": "BL_000000000000003", "Type": "Block", "FlowID": "FL_4"}, {"ID": "BL_000000000000004", "Type": "Block", "FlowID": "FL_5"}, {"ID": "BL_000000000000005", "Type": "Block", "FlowID": "FL_6"}, {"ID": "BL_000000000000006", "Type": "Block", "FlowID": "FL_7"}, {"ID": "BL_000000000000007", "Type": "Block", "FlowID": "FL_8"}, {"ID": "BL_000000000000008", "Type": "Block", "FlowID": "FL_9"}, {"ID": "BL_000000000000009", "Type": "Block", "FlowID": "FL_10"}, {"ID": "BL_000000000000010", "Type": "Block", "FlowID": "FL_11"}, {"ID": "BL_000000000000011", "Type": "Block", "FlowID": "FL_12"}], "Properties": {"Count": 12}, "FlowID": "FL_1", "Type": "Root"}}, {"SurveyID": "SV_6DuRFRTHksRe2Pk", "Element": "PL", "PrimaryAttribute": "Preview Link", "SecondaryAttribute": null, "TertiaryAttribute": null, "Payload": {"PreviewType": "Brand", "PreviewID": "c5529d26-f28a-4e72-81a8-1605de590c63"}}, {"SurveyID": "SV_6DuRFRTHksRe2Pk", "Element": "SO", "PrimaryAttribute": "Survey Options", "SecondaryAttribute": null, "TertiaryAttribute": null, "Payload": {"BackButton": "false", "SaveAndContinue": "true", "SurveyProtection": "PublicSurvey", "BallotBoxStuffingPrevention": "false", "NoIndex": "Yes", "SecureResponseFiles": "true", "SurveyExpiration": "None", "SurveyTermination": "DefaultMessage", "Header": "", "Footer": "", "ProgressBarDisplay": "None", "PartialData": "+1 week", "ValidationMessage": "", "PreviousButton": "", "NextButton": "", "SurveyTitle": "Qualtrics Survey | Qualtrics Experience Management", "SkinLibrary": "ugeorgia", "SkinType": "MQ", "Skin": "skin1_new", "NewScoring": 1, "SurveyMetaDescription": "The most powerful, simple and trusted way to gather experience data. Start your journey to experience management and try a free account today."}}, {"SurveyID": "SV_6DuRFRTHksRe2Pk", "Element": "SCO", "PrimaryAttribute": "Scoring", "SecondaryAttribute": null, "TertiaryAttribute": null, "Payload": {"ScoringCategories": [], "ScoringCategoryGroups": [], "ScoringSummaryCategory": null, "ScoringSummaryAfterQuestions": 0, "ScoringSummaryAfterSurvey": 0, "DefaultScoringCategory": null, "AutoScoringCategory": null}}, {"SurveyID": "SV_6DuRFRTHksRe2Pk", "Element": "PROJ", "PrimaryAttribute": "CORE", "SecondaryAttribute": null, "TertiaryAttribute": "1.1.0", "Payload": {"ProjectCategory": "CORE", "SchemaVersion": "1.1.0"}}, {"SurveyID": "SV_6DuRFRTHksRe2Pk", "Element": "STAT", "PrimaryAttribute": "Survey Statistics", "SecondaryAttribute": null, "TertiaryAttribute": null, "Payload": {"MobileCompatible": true, "ID": "Survey Statistics"}}, {"SurveyID": "SV_6DuRFRTHksRe2Pk", "Element": "QC", "PrimaryAttribute": "Survey Question Count", "SecondaryAttribute": "62", "TertiaryAttribute": null, "Payload": null}, {"SurveyID": "SV_6DuRFRTHksRe2Pk", "Element": "RS", "PrimaryAttribute": "RS_9RklDCuLEQqAURw", "SecondaryAttribute": "Default Response Set", "TertiaryAttribute": null, "Payload": null}, {"SurveyID": "SV_6DuRFRTHksRe2Pk", "Element": "SQ", "PrimaryAttribute": "QID1", "SecondaryAttribute": "**Instructions here**", "TertiaryAttribute": null, "Payload": {"QuestionText": "**Instructions here**<br><br>", "DataExportTag": "Q1", "QuestionType": "DB", "Selector": "TB", "Configuration": {"QuestionDescriptionOption": "UseText"}, "QuestionDescription": "**Instructions here**", "Validation": {"Settings": {"ForceResponse": "OFF", "Type": "None"}}, "Language": [], "NextChoiceId": 4, "NextAnswerId": 1, "QuestionID": "QID1"}}, {"SurveyID": "SV_6DuRFRTHksRe2Pk", "Element": "SQ", "PrimaryAttribute": "QID2", "SecondaryAttribute": "Are you a PhD student or a Master's student?", "TertiaryAttribute": null, "Payload": {"QuestionText": "Are you a PhD student or a Master's student?<br>", "DataExportTag": "Q2", "QuestionType": "MC", "Selector": "SAVR", "Configuration": {"QuestionDescriptionOption": "UseText"}, "QuestionDescription": "Are you a PhD student or a Master's student?", "Validation": {"Settings": {"ForceResponse": "OFF", "Type": "None"}}, "Language": [], "NextChoiceId": 4, "NextAnswerId": 1, "QuestionID": "QID2", "SubSelector": "TX", "Choices": {"1": {"Display": "PhD"}, "2": {"Display": "Master's"}}, "ChoiceOrder": ["1", "2"]}}, {"SurveyID": "SV_6DuRFRTHksRe2Pk", "Element": "SQ", "PrimaryAttribute": "QID3", "SecondaryAttribute": "What year did you start your current degree program at UGA (not in IOB specifically)?", "TertiaryAttribute": null, "Payload": {"QuestionText": "What year did you start your current degree program at UGA (not in IOB specifically)?<br>", "DataExportTag": "Q3", "QuestionType": "MC", "Selector": "SAVR", "Configuration": {"QuestionDescriptionOption": "UseText"}, "QuestionDescription": "What year did you start your current degree program at UGA (not in IOB specifically)?", "Validation": {"Settings": {"ForceResponse": "OFF", "Type": "None"}}, "Language": [], "NextChoiceId": 4, "NextAnswerId": 1, "QuestionID": "QID3", "SubSelector": "TX", "Choices": {"1": {"Display": "2023"}, "2": {"Display": "2022"}, "3": {"Display": "2021"}, "4": {"Display": "2020"}, "5": {"Display": "2019"}, "6": {"Display": "2018"}, "7": {"Display": "2017"}, "8": {"Display": "2016 or before"}}, "ChoiceOrder": ["1", "2", "3", "4", "5", "6", "7", "8"]}}, {"SurveyID": "SV_6DuRFRTHksRe2Pk", "Element": "SQ", "PrimaryAttribute": "QID4", "SecondaryAttribute": "If you are a PhD student, have you completed your qualifying exams?", "TertiaryAttribute": null, "Payload": {"QuestionText": "If you are a PhD student, have you completed your qualifying exams?<br>", "DataExportTag": "Q4", "QuestionType": "MC", "Selector": "SAVR", "Configuration": {"QuestionDescriptionOption": "UseText"}, "QuestionDescription": "If you are a PhD student, have you completed your qualifying exams?", "Validation": {"Settings": {"ForceResponse": "OFF", "Type": "None"}}, "Language": [], "NextChoiceId": 4, "NextAnswerId": 1, "QuestionID": "QID4", "SubSelector": "TX", "Choices": {"1": {"Display": "Yes"}, "2": {"Display": "No"}, "3": {"Display": "N/A"}}, "ChoiceOrder": ["1", "2", "3"]}}, {"SurveyID": "SV_6DuRFRTHksRe2Pk", "Element": "SQ", "PrimaryAttribute": "QID5", "SecondaryAttribute": "Are you an international student?", "TertiaryAttribute": null, "Payload": {"QuestionText": "Are you an international student?<br>", "DataExportTag": "Q5", "QuestionType": "MC", "Selector": "SAVR", "Configuration": {"QuestionDescriptionOption": "UseText"}, "QuestionDescription": "Are you an international student?", "Validation": {"Settings": {"ForceResponse": "OFF", "Type": "None"}}, "Language": [], "NextChoiceId": 4, "NextAnswerId": 1, "QuestionID": "QID5", "SubSelector": "TX", "Choices": {"1": {"Display": "Yes"}, "2": {"Display": "No"}, "3": {"Display": "Prefer not to answer"}}, "ChoiceOrder": ["1", "2", "3"]}}, {"SurveyID": "SV_6DuRFRTHksRe2Pk", "Element": "SQ", "PrimaryAttribute": "QID6", "SecondaryAttribute": "Is English your native language?", "TertiaryAttribute": null, "Payload": {"QuestionText": "Is English your native language?<br>", "DataExportTag": "Q6", "QuestionType": "MC", "Selector": "SAVR", "Configuration": {"QuestionDescriptionOption": "UseText"}, "QuestionDescription": "Is English your native language?", "Validation": {"Settings": {"ForceResponse": "OFF", "Type": "None"}}, "Language": [], "NextChoiceId": 4, "NextAnswerId": 1, "QuestionID": "QID6", "SubSelector": "TX", "Choices": {"1": {"Display": "Yes"}, "2": {"Display": "No"}, "3": {"Display": "Prefer not to answer"}}, "ChoiceOrder": ["1", "2", "3"]}}, {"SurveyID": "SV_6DuRFRTHksRe2Pk", "Element": "SQ", "PrimaryAttribute": "QID7", "SecondaryAttribute": "How were you recruited/admitted to IOB?", "TertiaryAttribute": null, "Payload": {"QuestionText": "How were you recruited/admitted to IOB?<br>", "DataExportTag": "Q7", "QuestionType": "MC", "Selector": "SAVR", "Configuration": {"QuestionDescriptionOption": "UseText"}, "QuestionDescription": "How were you recruited/admitted to IOB?", "Validation": {"Settings": {"ForceResponse": "OFF", "Type": "None"}}, "Language": [], "NextChoiceId": 4, "NextAnswerId": 1, "QuestionID": "QID7", "SubSelector": "TX", "Choices": {"1": {"Display": "Through ILS"}, "2": {"Display": "Through IPS"}, "3": {"Display": "Direct admission"}, "4": {"Display": "Other (specify below)", "TextEntry": "true", "TextEntrySize": "Small"}}, "ChoiceOrder": ["1", "2", "3", "4"]}}, {"SurveyID": "SV_6DuRFRTHksRe2Pk", "Element": "SQ", "PrimaryAttribute": "QID8", "SecondaryAttribute": "How well were program expectations (eg registration, class requirements, etc) explained to you by the department?", "TertiaryAttribute": null, "Payload": {"QuestionText": "How well were program expectations (eg registration, class requirements, etc) explained to you by the department?<br>", "DataExportTag": "Q8", "QuestionType": "Matrix", "Selector": "Likert", "Configuration": {"QuestionDescriptionOption": "UseText", "TextPosition": "inline", "ChoiceColumnWidth": 25, "RepeatHeaders": "none", "WhiteSpace": "OFF", "MobileFirst": true}, "QuestionDescription": "How well were program expectations (eg registration, class requirements, etc) explained to you by the department?", "Validation": {"Settings": {"ForceResponse": "OFF", "Type": "None"}}, "Language": [], "NextChoiceId": 4, "NextAnswerId": 1, "QuestionID": "QID8", "SubSelector": "SingleAnswer", "Choices": {"1": {"Display": "Before you joined"}, "2": {"Display": "After joining"}}, "ChoiceOrder": ["1", "2"], "Answers": {"1": {"Display": "1-Very Poorly"}, "2": {"Display": "2-Poorly"}, "3": {"Display": "3-Acceptably"}, "4": {"Display": "4-Well"}, "5": {"Display": "5-Very Well"}}, "AnswerOrder": ["1", "2", "3", "4", "5"]}}, {"SurveyID": "SV_6DuRFRTHksRe2Pk", "Element": "SQ", "PrimaryAttribute": "QID9", "SecondaryAttribute": "Why did you join the Institute of Bioinformatics?", "TertiaryAttribute": null, "Payload": {"QuestionText": "Why did you join the Institute of Bioinformatics?<br>", "DataExportTag": "Q9", "QuestionType": "MC", "Selector": "MAVR", "Configuration": {"QuestionDescriptionOption": "UseText"}, "QuestionDescription": "Why did you join the Institute of Bioinformatics?", "Validation": {"Settings": {"ForceResponse": "OFF", "Type": "None"}}, "Language": [], "NextChoiceId": 4, "NextAnswerId": 1, "QuestionID": "QID9", "SubSelector": "TX", "Choices": {"1": {"Display": "My PI suggested it"}, "2": {"Display": "Expected degree for my future career"}, "3": {"Display": "Course requirements"}, "4": {"Display": "Milestone timeline (eg graduation, comprehensive exams)"}, "5": {"Display": "Comprehensive exam format"}, "6": {"Display": "Reccomendation from current students/faculty"}, "7": {"Display": "General department/community"}, "8": {"Display": "Other (specify below)", "TextEntry": "true", "TextEntrySize": "Small"}}, "ChoiceOrder": ["1", "2", "3", "4", "5", "6", "7", "8"]}}, {"SurveyID": "SV_6DuRFRTHksRe2Pk", "Element": "SQ", "PrimaryAttribute": "QID10", "SecondaryAttribute": "When did you begin to consider joining the Institute of Bioinformatics at UGA?", "TertiaryAttribute": null, "Payload": {"QuestionText": "When did you begin to consider joining the Institute of Bioinformatics at UGA?<br>", "DataExportTag": "Q10", "QuestionType": "MC", "Selector": "SAVR", "Configuration": {"QuestionDescriptionOption": "UseText"}, "QuestionDescription": "When did you begin to consider joining the Institute of Bioinformatics at UGA?", "Validation": {"Settings": {"ForceResponse": "OFF", "Type": "None"}}, "Language": [], "NextChoiceId": 4, "NextAnswerId": 1, "QuestionID": "QID10", "SubSelector": "TX", "Choices": {"1": {"Display": "Before applying to UGA"}, "2": {"Display": "During ILS/IPS interviews"}, "3": {"Display": "After being accepted to UGA but before the fall semester"}, "4": {"Display": "During ILS/IPS fall semester welcome events"}, "5": {"Display": "During rotations"}, "6": {"Display": "Other (specify below)", "TextEntry": "true", "TextEntrySize": "Small"}}, "ChoiceOrder": ["1", "2", "3", "4", "5", "6"]}}, {"SurveyID": "SV_6DuRFRTHksRe2Pk", "Element": "SQ", "PrimaryAttribute": "QID11", "SecondaryAttribute": "When did you discover the lab you ended up joining?", "TertiaryAttribute": null, "Payload": {"QuestionText": "When did you discover the lab you ended up joining?<br>", "DataExportTag": "Q11", "QuestionType": "MC", "Selector": "SAVR", "Configuration": {"QuestionDescriptionOption": "UseText"}, "QuestionDescription": "When did you discover the lab you ended up joining?", "Validation": {"Settings": {"ForceResponse": "OFF", "Type": "None"}}, "Language": [], "NextChoiceId": 4, "NextAnswerId": 1, "QuestionID": "QID11", "SubSelector": "TX", "Choices": {"1": {"Display": "Before applying to UGA"}, "2": {"Display": "During ILS/IPS interviews"}, "3": {"Display": "After being accepted to UGA but before the fall semester"}, "4": {"Display": "During ILS/IPS fall semester welcome events"}, "5": {"Display": "During rotations"}, "6": {"Display": "Other (specify below)", "TextEntry": "true", "TextEntrySize": "Small"}}, "ChoiceOrder": ["1", "2", "3", "4", "5", "6"]}}, {"SurveyID": "SV_6DuRFRTHksRe2Pk", "Element": "SQ", "PrimaryAttribute": "QID12", "SecondaryAttribute": "If you have any other comments or suggestions about recruitment, please provide them below.", "TertiaryAttribute": null, "Payload": {"QuestionText": "If you have any other comments or suggestions about recruitment, please provide them below.<br>", "DataExportTag": "Q12", "QuestionType": "TE", "Selector": "ML", "Configuration": {"QuestionDescriptionOption": "UseText"}, "QuestionDescription": "If you have any other comments or suggestions about recruitment, please provide them below.", "Validation": {"Settings": {"ForceResponse": "OFF", "Type": "None"}}, "Language": [], "NextChoiceId": 4, "NextAnswerId": 1, "QuestionID": "QID12"}}, {"SurveyID": "SV_6DuRFRTHksRe2Pk", "Element": "SQ", "PrimaryAttribute": "QID13", "SecondaryAttribute": "How often has each of these caused you distress in the past year?", "TertiaryAttribute": null, "Payload": {"QuestionText": "How often has each of these caused you distress in the past year?<br>", "DataExportTag": "Q13", "QuestionType": "Matrix", "Selector": "Likert", "Configuration": {"QuestionDescriptionOption": "UseText", "TextPosition": "inline", "ChoiceColumnWidth": 25, "RepeatHeaders": "none", "WhiteSpace": "OFF", "MobileFirst": true}, "QuestionDescription": "How often has each of these caused you distress in the past year?", "Validation": {"Settings": {"ForceResponse": "OFF", "Type": "None"}}, "Language": [], "NextChoiceId": 4, "NextAnswerId": 1, "QuestionID": "QID13", "SubSelector": "SingleAnswer", "Choices": {"1": {"Display": "Work-life balance"}, "2": {"Display": "Career path"}, "3": {"Display": "Personal financial issues"}, "4": {"Display": "Grant funding"}, "5": {"Display": "Availability of desired career positions"}, "6": {"Display": "Uncertainty about value of degree"}, "7": {"Display": "Transitioning to future career"}, "8": {"Display": "Physical health"}, "9": {"Display": "Mental health"}, "10": {"Display": "Political landscape"}, "11": {"Display": "Imposter syndrome"}, "12": {"Display": "Missing home/Culture shock"}, "13": {"Display": "Other"}}, "ChoiceOrder": ["1", "2", "3", "4", "5", "6", "7", "8", "9", "10", "11", "12", "13"], "Answers": {"1": {"Display": "1-Never"}, "2": {"Display": "2-Rarely"}, "3": {"Display": "3-Sometimes"}, "4": {"Display": "4-Often"}, "5": {"Display": "5-Always"}}, "AnswerOrder": ["1", "2", "3", "4", "5"]}}, {"SurveyID": "SV_6DuRFRTHksRe2Pk", "Element": "SQ", "PrimaryAttribute": "QID14", "SecondaryAttribute": "Which of the following factors have led you to consider leaving your graduate program in the past year (if any)?", "TertiaryAttribute": null, "Payload": {"QuestionText": "Which of the following factors have led you to consider leaving your graduate program in the past year (if any)?<br>", "DataExportTag": "Q14", "QuestionType": "MC", "Selector": "MAVR", "Configuration": {"QuestionDescriptionOption": "UseText"}, "QuestionDescription": "Which of the following factors have led you to consider leaving your graduate program in the past year (if any)?", "Validation": {"Settings": {"ForceResponse": "OFF", "Type": "None"}}, "Language": [], "NextChoiceId": 4, "NextAnswerId": 1, "QuestionID": "QID14", "SubSelector": "TX", "Choices": {"1": {"Display": "N/A, I didn't consider leaving my graduate program in the past year."}, "2": {"Display": "Work-life balance"}, "3": {"Display": "Career path"}, "4": {"Display": "Personal financial issues"}, "5": {"Display": "Grant funding"}, "6": {"Display": "Availability of desired career positions"}, "7": {"Display": "Uncertainty about value of degree"}, "8": {"Display": "Transitioning to future career"}, "9": {"Display": "Physical health"}, "10": {"Display": "Mental health"}, "11": {"Display": "Political landscape"}, "12": {"Display": "Imposter syndrome"}, "13": {"Display": "Missing home/Culture shock"}, "14": {"Display": "Other (specify below)", "TextEntry": "true", "TextEntrySize": "Small"}}, "ChoiceOrder": ["1", "2", "3", "4", "5", "6", "7", "8", "9", "10", "11", "12", "13", "14"]}}, {"SurveyID": "SV_6DuRFRTHksRe2Pk", "Element": "SQ", "PrimaryAttribute": "QID15", "SecondaryAttribute": "In the last year, how satisfied have you been with each of the following aspects of your degree program?", "TertiaryAttribute": null, "Payload": {"QuestionText": "In the last year, how satisfied have you been with each of the following aspects of your degree program?<br>", "DataExportTag": "Q15", "QuestionType": "Matrix", "Selector": "Likert", "Configuration": {"QuestionDescriptionOption": "UseText", "TextPosition": "inline", "ChoiceColumnWidth": 25, "RepeatHeaders": "none", "WhiteSpace": "OFF", "MobileFirst": true}, "QuestionDescription": "In the last year, how satisfied have you been with each of the following aspects of your degree program?", "Validation": {"Settings": {"ForceResponse": "OFF", "Type": "None"}}, "Language": [], "NextChoiceId": 4, "NextAnswerId": 1, "QuestionID": "QID15", "SubSelector": "SingleAnswer", "Choices": {"1": {"Display": "Quality of graduate coursework"}, "2": {"Display": "Professional relationship with dissertation advisor"}, "3": {"Display": "Departmental career development opportunities"}, "4": {"Display": "Level of financial support"}, "5": {"Display": "Communication within IOB"}, "6": {"Display": "Stipend covering living expenses"}, "7": {"Display": "Infrastructure (Sapelo2, accessibility to space, equipment, etc)"}, "8": {"Display": "Interpersonal relationships with peers in IOB"}, "9": {"Display": "Other (specify below)", "TextEntry": "true", "TextEntrySize": "Small"}}, "ChoiceOrder": ["1", "2", "3", "4", "5", "6", "7", "8", "9"], "Answers": {"1": {"Display": "1-Very Dissatisfied"}, "2": {"Display": "2-Dissatisfied"}, "3": {"Display": "3-Neither Dissatisfied nor Satisfied"}, "4": {"Display": "4-Satisfied"}, "5": {"Display": "5-Very Satisfied"}}, "AnswerOrder": ["1", "2", "3", "4", "5"]}}, {"SurveyID": "SV_6DuRFRTHksRe2Pk", "Element": "SQ", "PrimaryAttribute": "QID16", "SecondaryAttribute": "Rate your agreement with the following statement: I feel like I belong in the Institute of Bioinformatics (IOB).", "TertiaryAttribute": null, "Payload": {"QuestionText": "Rate your agreement with the following statement: I feel like I belong in the Institute of Bioinformatics (IOB).<br>", "DataExportTag": "Q16", "QuestionType": "MC", "Selector": "SAVR", "Configuration": {"QuestionDescriptionOption": "UseText"}, "QuestionDescription": "Rate your agreement with the following statement: I feel like I belong in the Institute of Bioinformatics (IOB).", "Validation": {"Settings": {"ForceResponse": "OFF", "Type": "None"}}, "Language": [], "NextChoiceId": 4, "NextAnswerId": 1, "QuestionID": "QID16", "SubSelector": "TX", "Choices": {"1": {"Display": "1-Strongly Disagree"}, "2": {"Display": "2-Disagree"}, "3": {"Display": "3-Neither Agree or Disagree"}, "4": {"Display": "4-Agree"}, "5": {"Display": "5-Strongly Agree"}}, "ChoiceOrder": ["1", "2", "3", "4", "5"]}}, {"SurveyID": "SV_6DuRFRTHksRe2Pk", "Element": "SQ", "PrimaryAttribute": "QID17", "SecondaryAttribute": "In the last year, how often have you felt that your contributions are valued...", "TertiaryAttribute": null, "Payload": {"QuestionText": "In the last year, how often have you felt that your contributions are valued...<br>", "DataExportTag": "Q17", "QuestionType": "Matrix", "Selector": "Likert", "Configuration": {"QuestionDescriptionOption": "UseText", "TextPosition": "inline", "ChoiceColumnWidth": 25, "RepeatHeaders": "none", "WhiteSpace": "OFF", "MobileFirst": true}, "QuestionDescription": "In the last year, how often have you felt that your contributions are valued...", "Validation": {"Settings": {"ForceResponse": "OFF", "Type": "None"}}, "Language": [], "NextChoiceId": 4, "NextAnswerId": 1, "QuestionID": "QID17", "SubSelector": "SingleAnswer", "Choices": {"1": {"Display": "in your lab."}, "2": {"Display": "among other graduate students."}, "3": {"Display": "in the Institute of Bioinformatics (IOB)."}, "4": {"Display": "at UGA."}}, "ChoiceOrder": ["1", "2", "3", "4"], "Answers": {"1": {"Display": "1-Never"}, "2": {"Display": "2-Rarely"}, "3": {"Display": "3-Sometimes"}, "4": {"Display": "4-Often"}, "5": {"Display": "5-Alwayss"}}, "AnswerOrder": ["1", "2", "3", "4", "5"]}}, {"SurveyID": "SV_6DuRFRTHksRe2Pk", "Element": "SQ", "PrimaryAttribute": "QID18", "SecondaryAttribute": "Are you aware of departmental procedure for reporting harassment, discrimination, or other forms of unethical conduct?", "TertiaryAttribute": null, "Payload": {"QuestionText": "Are you aware of departmental procedure for reporting harassment, discrimination, or other forms of unethical conduct?<br>", "DataExportTag": "Q18", "QuestionType": "MC", "Selector": "SAVR", "Configuration": {"QuestionDescriptionOption": "UseText"}, "QuestionDescription": "Are you aware of departmental procedure for reporting harassment, discrimination, or other forms of unethical conduct?", "Validation": {"Settings": {"ForceResponse": "OFF", "Type": "None"}}, "Language": [], "NextChoiceId": 4, "NextAnswerId": 1, "QuestionID": "QID18", "SubSelector": "TX", "Choices": {"1": {"Display": "Yes, and I would feel comfortable using them"}, "2": {"Display": "Yes, but I wouldn't feel comfortable using them"}, "3": {"Display": "No"}, "4": {"Display": "Unsure"}}, "ChoiceOrder": ["1", "2", "3", "4"]}}, {"SurveyID": "SV_6DuRFRTHksRe2Pk", "Element": "SQ", "PrimaryAttribute": "QID19", "SecondaryAttribute": "How comfortable would you feel with reporting an incident of harassment, discrimination, or other forms of unethical conduct to each of the following?", "TertiaryAttribute": null, "Payload": {"QuestionText": "How comfortable would you feel with reporting an incident of harassment, discrimination, or other forms of unethical conduct to each of the following?<br>", "DataExportTag": "Q19", "QuestionType": "Matrix", "Selector": "Likert", "Configuration": {"QuestionDescriptionOption": "UseText", "TextPosition": "inline", "ChoiceColumnWidth": 25, "RepeatHeaders": "none", "WhiteSpace": "OFF", "MobileFirst": true}, "QuestionDescription": "How comfortable would you feel with reporting an incident of harassment, discrimination, or other forms of unethical conduct to each of the following?", "Validation": {"Settings": {"ForceResponse": "OFF", "Type": "None"}}, "Language": [], "NextChoiceId": 4, "NextAnswerId": 1, "QuestionID": "QID19", "SubSelector": "SingleAnswer", "Choices": {"1": {"Display": "My PI"}, "2": {"Display": "My committee"}, "3": {"Display": "The director of IOB"}, "4": {"Display": "Faculty graduate coordinator"}, "5": {"Display": "Other PIs in IOB"}, "6": {"Display": "IOB staff"}, "7": {"Display": "Other graduate students"}}, "ChoiceOrder": ["1", "2", "3", "4", "5", "6", "7"], "Answers": {"1": {"Display": "1-Very Uncomfortable"}, "2": {"Display": "2-Uncomfortable"}, "3": {"Display": "3-Neither Uncomfortable or Comfortable"}, "4": {"Display": "4-Comfortable"}, "5": {"Display": "5-Very Comfortable"}}, "AnswerOrder": ["1", "2", "3", "4", "5"]}}, {"SurveyID": "SV_6DuRFRTHksRe2Pk", "Element": "SQ", "PrimaryAttribute": "QID20", "SecondaryAttribute": "UGA defines discrimination as:", "TertiaryAttribute": null, "Payload": {"QuestionText": "UGA defines discrimination as:<br>Decision-making based on race, color, sex (including pregnancy), sexual orientation, gender identity, ethnicity or national origin, religion, age, genetic information, disability, or veteran status.<br>(https://eoo.uga.edu/policies/non-discrimination-anti-harassment-policy)<br><br>If you have experienced harassment or discrimination in IOB please consider reporting this to your PI, one of your committee members, or the graduate coordinator. See IOB reporting procedure <a href=https://iob.uga.edu/diversity/#.ZD8CJOzMKBQ>here</a>.<br><br>If you have experienced harassment or discrimination at UGA and do not want to report using departmental procedure please consider contacting the UGA Compliance, Ethics and Reporting hotline <a href=https://legal.uga.edu/guidance/compliance-ethics-reporting-hotline>here</a>.<br><br>If you have experience sexual harassment you can seek help and guidance with the <a href=https://healthcenter.uga.edu/who-should-i-talk-to/>Relationship and Sexual Violence Prevention (RSVP) Office at the University Health Center</a>.<br><br>If you have experienced harassment or discrimination and are unsure what resources are appropriate, you can <a href=https://eoo.uga.edu/Meet-the-Ombudspersons/>contact a UGA ombudsperson</a>. Ombudspersons are designated individuals who serve as independent, neutral and informal resources for UGA students, faculty and staff.<br><br>", "DataExportTag": "Q20", "QuestionType": "DB", "Selector": "TB", "Configuration": {"QuestionDescriptionOption": "UseText"}, "QuestionDescription": "UGA defines discrimination as:", "Validation": {"Settings": {"ForceResponse": "OFF", "Type": "None"}}, "Language": [], "NextChoiceId": 4, "NextAnswerId": 1, "QuestionID": "QID20"}}, {"SurveyID": "SV_6DuRFRTHksRe2Pk", "Element": "SQ", "PrimaryAttribute": "QID21", "SecondaryAttribute": "In the last year, how often have you felt discriminated against at this university because of each of the personal characteristics below?", "TertiaryAttribute": null, "Payload": {"QuestionText": "In the last year, how often have you felt discriminated against at this university because of each of the personal characteristics below?<br>", "DataExportTag": "Q21", "QuestionType": "Matrix", "Selector": "Likert", "Configuration": {"QuestionDescriptionOption": "UseText", "TextPosition": "inline", "ChoiceColumnWidth": 25, "RepeatHeaders": "none", "WhiteSpace": "OFF", "MobileFirst": true}, "QuestionDescription": "In the last year, how often have you felt discriminated against at this university because of each of the personal characteristics below?", "Validation": {"Settings": {"ForceResponse": "OFF", "Type": "None"}}, "Language": [], "NextChoiceId": 4, "NextAnswerId": 1, "QuestionID": "QID21", "SubSelector": "SingleAnswer", "Choices": {"1": {"Display": "Race/Ethnicity"}, "2": {"Display": "Gender"}, "3": {"Display": "Sexual orientation"}, "4": {"Display": "Religion"}, "5": {"Display": "Age"}, "6": {"Display": "Accent/dialect"}, "7": {"Display": "National origin"}, "8": {"Display": "Disability"}, "9": {"Display": "Socioeconomic/income level"}, "10": {"Display": "Veteran status"}}, "ChoiceOrder": ["1", "2", "3", "4", "5", "6", "7", "8", "9", "10"], "Answers": {"1": {"Display": "1-Never"}, "2": {"Display": "2-Rarely"}, "3": {"Display": "3-Sometimes"}, "4": {"Display": "4-Often"}, "5": {"Display": "5-Always"}}, "AnswerOrder": ["1", "2", "3", "4", "5"]}}, {"SurveyID": "SV_6DuRFRTHksRe2Pk", "Element": "SQ", "PrimaryAttribute": "QID22", "SecondaryAttribute": "Knowing what you know now, how likely would you be to join IOB again?", "TertiaryAttribute": null, "Payload": {"QuestionText": "Knowing what you know now, how likely would you be to join IOB again?<br>", "DataExportTag": "Q22", "QuestionType": "MC", "Selector": "SAVR", "Configuration": {"QuestionDescriptionOption": "UseText"}, "QuestionDescription": "Knowing what you know now, how likely would you be to join IOB again?", "Validation": {"Settings": {"ForceResponse": "OFF", "Type": "None"}}, "Language": [], "NextChoiceId": 4, "NextAnswerId": 1, "QuestionID": "QID22", "SubSelector": "TX", "Choices": {"1": {"Display": "1-Very Unlikely"}, "2": {"Display": "2-Unlikely"}, "3": {"Display": "3-Neutral"}, "4": {"Display": "4-Likely"}, "5": {"Display": "5-Very Likely"}}, "ChoiceOrder": ["1", "2", "3", "4", "5"]}}, {"SurveyID": "SV_6DuRFRTHksRe2Pk", "Element": "SQ", "PrimaryAttribute": "QID23", "SecondaryAttribute": "Knowing what you know now, how likely would you be to join a UGA graduate program again?", "TertiaryAttribute": null, "Payload": {"QuestionText": "Knowing what you know now, how likely would you be to join a UGA graduate program again?<br>", "DataExportTag": "Q23", "QuestionType": "MC", "Selector": "SAVR", "Configuration": {"QuestionDescriptionOption": "UseText"}, "QuestionDescription": "Knowing what you know now, how likely would you be to join a UGA graduate program again?", "Validation": {"Settings": {"ForceResponse": "OFF", "Type": "None"}}, "Language": [], "NextChoiceId": 4, "NextAnswerId": 1, "QuestionID": "QID23", "SubSelector": "TX", "Choices": {"1": {"Display": "1-Very Unlikely"}, "2": {"Display": "2-Unlikely"}, "3": {"Display": "3-Neutral"}, "4": {"Display": "4-Likely"}, "5": {"Display": "5-Very Likely"}}, "ChoiceOrder": ["1", "2", "3", "4", "5"]}}, {"SurveyID": "SV_6DuRFRTHksRe2Pk", "Element": "SQ", "PrimaryAttribute": "QID24", "SecondaryAttribute": "Knowing what you know now, how likely would you be to join the same lab?", "TertiaryAttribute": null, "Payload": {"QuestionText": "Knowing what you know now, how likely would you be to join the same lab?<br>", "DataExportTag": "Q24", "QuestionType": "MC", "Selector": "SAVR", "Configuration": {"QuestionDescriptionOption": "UseText"}, "QuestionDescription": "Knowing what you know now, how likely would you be to join the same lab?", "Validation": {"Settings": {"ForceResponse": "OFF", "Type": "None"}}, "Language": [], "NextChoiceId": 4, "NextAnswerId": 1, "QuestionID": "QID24", "SubSelector": "TX", "Choices": {"1": {"Display": "1-Very Unlikely"}, "2": {"Display": "2-Unlikely"}, "3": {"Display": "3-Neutral"}, "4": {"Display": "4-Likely"}, "5": {"Display": "5-Very Likely"}}, "ChoiceOrder": ["1", "2", "3", "4", "5"]}}, {"SurveyID": "SV_6DuRFRTHksRe2Pk", "Element": "SQ", "PrimaryAttribute": "QID25", "SecondaryAttribute": "Please rate your satisfaction with the following aspects of your lab:", "TertiaryAttribute": null, "Payload": {"QuestionText": "Please rate your satisfaction with the following aspects of your lab:<br>", "DataExportTag": "Q25", "QuestionType": "Matrix", "Selector": "Likert", "Configuration": {"QuestionDescriptionOption": "UseText", "TextPosition": "inline", "ChoiceColumnWidth": 25, "RepeatHeaders": "none", "WhiteSpace": "OFF", "MobileFirst": true}, "QuestionDescription": "Please rate your satisfaction with the following aspects of your lab:", "Validation": {"Settings": {"ForceResponse": "OFF", "Type": "None"}}, "Language": [], "NextChoiceId": 4, "NextAnswerId": 1, "QuestionID": "QID25", "SubSelector": "SingleAnswer", "Choices": {"1": {"Display": "Relationship with PI"}, "2": {"Display": "Relationship with other members of the lab"}, "3": {"Display": "Lab culture and dynamics"}, "4": {"Display": "Funding"}, "5": {"Display": "Research topic"}, "6": {"Display": "Day-to-day research experience"}, "7": {"Display": "Communication and expectations"}, "8": {"Display": "Conferences, travel, and networking opportunities"}, "9": {"Display": "Training opportunities (internships, workshops, etc)"}, "10": {"Display": "Time for coursework and degree requirements (proposal writing, etc)"}, "11": {"Display": "Time for outreach activities and student organizations"}, "12": {"Display": "Access to equipment, software, and other resources"}, "13": {"Display": "Lab/office space"}, "14": {"Display": "Other (specify below)", "TextEntry": "true", "TextEntrySize": "Small"}}, "ChoiceOrder": ["1", "2", "3", "4", "5", "6", "7", "8", "9", "10", "11", "12", "13", "14"], "Answers": {"1": {"Display": "1-Very Dissatisfied"}, "2": {"Display": "2-Dissatisfied"}, "3": {"Display": "3-Neither Dissatisfied nor Satisfied"}, "4": {"Display": "4-Satisfied"}, "5": {"Display": "5-Very Satisfied"}}, "AnswerOrder": ["1", "2", "3", "4", "5"]}}, {"SurveyID": "SV_6DuRFRTHksRe2Pk", "Element": "SQ", "PrimaryAttribute": "QID26", "SecondaryAttribute": "How satisfied are you with the following aspects of IOB at UGA?", "TertiaryAttribute": null, "Payload": {"QuestionText": "How satisfied are you with the following aspects of IOB at UGA?<br>", "DataExportTag": "Q26", "QuestionType": "Matrix", "Selector": "Likert", "Configuration": {"QuestionDescriptionOption": "UseText", "TextPosition": "inline", "ChoiceColumnWidth": 25, "RepeatHeaders": "none", "WhiteSpace": "OFF", "MobileFirst": true}, "QuestionDescription": "How satisfied are you with the following aspects of IOB at UGA?", "Validation": {"Settings": {"ForceResponse": "OFF", "Type": "None"}}, "Language": [], "NextChoiceId": 4, "NextAnswerId": 1, "QuestionID": "QID26", "SubSelector": "SingleAnswer", "Choices": {"1": {"Display": "Graduate school experience"}, "2": {"Display": "Living in Athens"}, "3": {"Display": "IOB program, compared to bioinformatics programs at other universities"}, "4": {"Display": "IOB, compared to other UGA departments and institutes"}, "5": {"Display": "IOB coursework"}, "6": {"Display": "Interactions with students and faculty"}, "7": {"Display": "Other (specify below)", "TextEntry": "true", "TextEntrySize": "Small"}}, "ChoiceOrder": ["1", "2", "3", "4", "5", "6", "7"], "Answers": {"1": {"Display": "1-Very Dissatisfied"}, "2": {"Display": "2-Dissatisfied"}, "3": {"Display": "3-Neither Dissatisfied nor Satisfied"}, "4": {"Display": "4-Satisfied"}, "5": {"Display": "5-Very Satisfied"}}, "AnswerOrder": ["1", "2", "3", "4", "5"]}}, {"SurveyID": "SV_6DuRFRTHksRe2Pk", "Element": "SQ", "PrimaryAttribute": "QID27", "SecondaryAttribute": "Please rate your agreement with the following statements about your progress toward degree completion.", "TertiaryAttribute": null, "Payload": {"QuestionText": "Please rate your agreement with the following statements about your progress toward degree completion.<br>", "DataExportTag": "Q27", "QuestionType": "Matrix", "Selector": "Likert", "Configuration": {"QuestionDescriptionOption": "UseText", "TextPosition": "inline", "ChoiceColumnWidth": 25, "RepeatHeaders": "none", "WhiteSpace": "OFF", "MobileFirst": true}, "QuestionDescription": "Please rate your agreement with the following statements about your progress toward degree completion.", "Validation": {"Settings": {"ForceResponse": "OFF", "Type": "None"}}, "Language": [], "NextChoiceId": 4, "NextAnswerId": 1, "QuestionID": "QID27", "SubSelector": "SingleAnswer", "Choices": {"1": {"Display": "I am aware of the requirements of the graduate program to graduate"}, "2": {"Display": "I feel confident I will graduate"}, "3": {"Display": "I have a timeline for my graduation"}, "4": {"Display": "I am confident that my career prospects are good"}, "5": {"Display": "I will be prepared for a career when I receive my degree"}, "6": {"Display": "I have seriously considered leaving the program"}}, "ChoiceOrder": ["1", "2", "3", "4", "5", "6"], "Answers": {"1": {"Display": "1-Strongly Disagree"}, "2": {"Display": "2-Disagree"}, "3": {"Display": "3-Neutral"}, "4": {"Display": "4-Agree"}, "5": {"Display": "5-Strongly Agree"}, "6": {"Display": "N/A"}}, "AnswerOrder": ["1", "2", "3", "4", "5", "6"]}}, {"SurveyID": "SV_6DuRFRTHksRe2Pk", "Element": "SQ", "PrimaryAttribute": "QID28", "SecondaryAttribute": "If you have feedback about your general satisfaction about your degree program with IOB, or anything IOB could do to improve your experience, please share it below.", "TertiaryAttribute": null, "Payload": {"QuestionText": "If you have feedback about your general satisfaction about your degree program with IOB, or anything IOB could do to improve your experience, please share it below.<br>", "DataExportTag": "Q28", "QuestionType": "TE", "Selector": "ML", "Configuration": {"QuestionDescriptionOption": "UseText"}, "QuestionDescription": "If you have feedback about your general satisfaction about your degree program with IOB, or anything IOB could do to improve your experience, please share it below.", "Validation": {"Settings": {"ForceResponse": "OFF", "Type": "None"}}, "Language": [], "NextChoiceId": 4, "NextAnswerId": 1, "QuestionID": "QID28"}}, {"SurveyID": "SV_6DuRFRTHksRe2Pk", "Element": "SQ", "PrimaryAttribute": "QID29", "SecondaryAttribute": "How often do you make use of the following resources when looking for information on how to navigate the graduate program or resolve non-research issues you are facing?", "TertiaryAttribute": null, "Payload": {"QuestionText": "How often do you make use of the following resources when looking for information on how to navigate the graduate program or resolve non-research issues you are facing?<br>", "DataExportTag": "Q29", "QuestionType": "Matrix", "Selector": "Likert", "Configuration": {"QuestionDescriptionOption": "UseText", "TextPosition": "inline", "ChoiceColumnWidth": 25, "RepeatHeaders": "none", "WhiteSpace": "OFF", "MobileFirst": true}, "QuestionDescription": "How often do you make use of the following resources when looking for information on how to navigate the graduate program or resolve non-research issues you are facing?", "Validation": {"Settings": {"ForceResponse": "OFF", "Type": "None"}}, "Language": [], "NextChoiceId": 4, "NextAnswerId": 1, "QuestionID": "QID29", "SubSelector": "SingleAnswer", "Choices": {"1": {"Display": "Fellow graduate students"}, "2": {"Display": "Advisor/PI"}, "3": {"Display": "IOB staff"}, "4": {"Display": "Faculty Graduate Coordinator"}, "5": {"Display": "Your thesis committee"}, "6": {"Display": "Other faculty"}, "7": {"Display": "Course materials (eg BINF 8001)"}, "8": {"Display": "UGA websites (graduate school, health center, others)"}, "9": {"Display": "General internet search"}, "10": {"Display": "IOB website/student handbook"}, "11": {"Display": "Other (specify below)", "TextEntry": "true", "TextEntrySize": "Small"}}, "ChoiceOrder": ["1", "2", "3", "4", "5", "6", "7", "8", "9", "10", "11"], "Answers": {"1": {"Display": "1-Never"}, "2": {"Display": "2-Rarely"}, "3": {"Display": "3-Sometimes"}, "4": {"Display": "4-Often"}, "5": {"Display": "5-Always"}}, "AnswerOrder": ["1", "2", "3", "4", "5"]}}, {"SurveyID": "SV_6DuRFRTHksRe2Pk", "Element": "SQ", "PrimaryAttribute": "QID30", "SecondaryAttribute": "In the last year, how frequently have you interacted with your research advisor in a meaningful way?", "TertiaryAttribute": null, "Payload": {"QuestionText": "In the last year, how frequently have you interacted with your research advisor in a meaningful way?<br>", "DataExportTag": "Q30", "QuestionType": "MC", "Selector": "SAVR", "Configuration": {"QuestionDescriptionOption": "UseText"}, "QuestionDescription": "In the last year, how frequently have you interacted with your research advisor in a meaningful way?", "Validation": {"Settings": {"ForceResponse": "OFF", "Type": "None"}}, "Language": [], "NextChoiceId": 4, "NextAnswerId": 1, "QuestionID": "QID30", "SubSelector": "TX", "Choices": {"1": {"Display": "Two or more times per week"}, "2": {"Display": "Weekly"}, "3": {"Display": "A few times a month"}, "4": {"Display": "A few times a semester"}, "5": {"Display": "Only a couple times this year"}}, "ChoiceOrder": ["1", "2", "3", "4", "5"]}}, {"SurveyID": "SV_6DuRFRTHksRe2Pk", "Element": "SQ", "PrimaryAttribute": "QID31", "SecondaryAttribute": "Please rate your satisfaction with your research advisor regarding the following aspects of the graduate program in the past year.", "TertiaryAttribute": null, "Payload": {"QuestionText": "Please rate your satisfaction with your research advisor regarding the following aspects of the graduate program in the past year.<br>", "DataExportTag": "Q31", "QuestionType": "Matrix", "Selector": "Likert", "Configuration": {"QuestionDescriptionOption": "UseText", "TextPosition": "inline", "ChoiceColumnWidth": 25, "RepeatHeaders": "none", "WhiteSpace": "OFF", "MobileFirst": true}, "QuestionDescription": "Please rate your satisfaction with your research advisor regarding the following aspects of the graduate program in the past year.", "Validation": {"Settings": {"ForceResponse": "OFF", "Type": "None"}}, "Language": [], "NextChoiceId": 4, "NextAnswerId": 1, "QuestionID": "QID31", "SubSelector": "SingleAnswer", "Choices": {"1": {"Display": "Research project development"}, "2": {"Display": "Development opportunities"}, "3": {"Display": "Work-life balance"}}, "ChoiceOrder": ["1", "2", "3"], "Answers": {"1": {"Display": "1-Very Dissatisfied"}, "2": {"Display": "2-Dissatisfied"}, "3": {"Display": "3-Neither Dissatisfied nor Satisfied"}, "4": {"Display": "4-Satisfied"}, "5": {"Display": "5-Very Satisfied"}}, "AnswerOrder": ["1", "2", "3", "4", "5"]}}, {"SurveyID": "SV_6DuRFRTHksRe2Pk", "Element": "SQ", "PrimaryAttribute": "QID32", "SecondaryAttribute": "Please rate your agreement with the following statements based on your interactions with your PI in the past year.", "TertiaryAttribute": null, "Payload": {"QuestionText": "Please rate your agreement with the following statements based on your interactions with your PI in the past year.<br>", "DataExportTag": "Q32", "QuestionType": "Matrix", "Selector": "Likert", "Configuration": {"QuestionDescriptionOption": "UseText", "TextPosition": "inline", "ChoiceColumnWidth": 25, "RepeatHeaders": "none", "WhiteSpace": "OFF", "MobileFirst": true}, "QuestionDescription": "Please rate your agreement with the following statements based on your interactions with your PI in the past year.", "Validation": {"Settings": {"ForceResponse": "OFF", "Type": "None"}}, "Language": [], "NextChoiceId": 4, "NextAnswerId": 1, "QuestionID": "QID32", "SubSelector": "SingleAnswer", "Choices": {"1": {"Display": "I have a good relationship with my advisor."}, "2": {"Display": "I do not feel valued / respected by my advisor."}, "3": {"Display": "My advisor respects my cultural/ethnic/socioeconomic background."}, "4": {"Display": "My advisor supports my academic goals."}, "5": {"Display": "My advisor supports my professional goals."}, "6": {"Display": "My advisor communicates clear expectations for things to accomplish before our next meeting."}, "7": {"Display": "My advisor's expectations are reasonable."}, "8": {"Display": "My advisor and I meet frequently enough, and they are available when I need them."}, "9": {"Display": "My advisor gives me autonomy over my research topic, goals, and milestones."}, "10": {"Display": "My advisor positively impacts my mental and emotional well-being."}, "11": {"Display": "If I were experiencing physical health challenges, I would feel comfortable asking my adviser for time off."}, "12": {"Display": "If I were experiencing mental health challenges, I would feel comfortable asking my adviser for time off."}, "13": {"Display": "My advisor provides adequate support in learning the techniques/protocols involved in my research."}, "14": {"Display": "I feel comfortable advocating for myself when interacting with my advisor."}, "15": {"Display": "My advisor respects my input on workstyle (e.g. working hours, working from home)"}, "16": {"Display": "My advisor respects my input on the lab and our working relationship."}, "17": {"Display": "My advisor is receptive to my needs as a person, not just a researcher."}}, "ChoiceOrder": ["1", "2", "3", "4", "5", "6", "7", "8", "9", "10", "11", "12", "13", "14", "15", "16", "17"], "Answers": {"1": {"Display": "1-Strongly Disagree"}, "2": {"Display": "2-Disagree"}, "3": {"Display": "3-Neither Agree or Disagree"}, "4": {"Display": "4-Agree"}, "5": {"Display": "5-Strongly Agree"}, "6": {"Display": "N/A or Prefer Not to Answer"}}, "AnswerOrder": ["1", "2", "3", "4", "5", "6"]}}, {"SurveyID": "SV_6DuRFRTHksRe2Pk", "Element": "SQ", "PrimaryAttribute": "QID33", "SecondaryAttribute": "If you have feedback about the mentorship you have received from your PI during your graduate program, please share it below.", "TertiaryAttribute": null, "Payload": {"QuestionText": "If you have feedback about the mentorship you have received from your PI during your graduate program, please share it below.<br>", "DataExportTag": "Q33", "QuestionType": "TE", "Selector": "ML", "Configuration": {"QuestionDescriptionOption": "UseText"}, "QuestionDescription": "If you have feedback about the mentorship you have received from your PI during your graduate program, please share it below.", "Validation": {"Settings": {"ForceResponse": "OFF", "Type": "None"}}, "Language": [], "NextChoiceId": 4, "NextAnswerId": 1, "QuestionID": "QID33"}}, {"SurveyID": "SV_6DuRFRTHksRe2Pk", "Element": "SQ", "PrimaryAttribute": "QID34", "SecondaryAttribute": "Your committee meetings over the past year have been valuable for...", "TertiaryAttribute": null, "Payload": {"QuestionText": "Your committee meetings over the past year have been valuable for...<br>", "DataExportTag": "Q34", "QuestionType": "Matrix", "Selector": "Likert", "Configuration": {"QuestionDescriptionOption": "UseText", "TextPosition": "inline", "ChoiceColumnWidth": 25, "RepeatHeaders": "none", "WhiteSpace": "OFF", "MobileFirst": true}, "QuestionDescription": "Your committee meetings over the past year have been valuable for...", "Validation": {"Settings": {"ForceResponse": "OFF", "Type": "None"}}, "Language": [], "NextChoiceId": 4, "NextAnswerId": 1, "QuestionID": "QID34", "SubSelector": "SingleAnswer", "Choices": {"1": {"Display": "Research Development"}, "2": {"Display": "Career Development"}, "3": {"Display": "Presentation Skills"}, "4": {"Display": "Resolving conflict or disagreement with my advisor"}}, "ChoiceOrder": ["1", "2", "3", "4"], "Answers": {"1": {"Display": "1-Strongly Disagree"}, "2": {"Display": "2-Disagree"}, "3": {"Display": "3-Neither Agree or Disagree"}, "4": {"Display": "4-Agree"}, "5": {"Display": "5-Strongly Agree"}, "6": {"Display": "N/A"}}, "AnswerOrder": ["1", "2", "3", "4", "5", "6"]}}, {"SurveyID": "SV_6DuRFRTHksRe2Pk", "Element": "SQ", "PrimaryAttribute": "QID35", "SecondaryAttribute": "If you have additional feedback about the mentorship you have received, please share it here.", "TertiaryAttribute": null, "Payload": {"QuestionText": "If you have additional feedback about the mentorship you have received, please share it here.<br>", "DataExportTag": "Q35", "QuestionType": "TE", "Selector": "ML", "Configuration": {"QuestionDescriptionOption": "UseText"}, "QuestionDescription": "If you have additional feedback about the mentorship you have received, please share it here.", "Validation": {"Settings": {"ForceResponse": "OFF", "Type": "None"}}, "Language": [], "NextChoiceId": 4, "NextAnswerId": 1, "QuestionID": "QID35"}}, {"SurveyID": "SV_6DuRFRTHksRe2Pk", "Element": "SQ", "PrimaryAttribute": "QID36", "SecondaryAttribute": "Have you completed an IOB course in the past year?", "TertiaryAttribute": null, "Payload": {"QuestionText": "Have you completed an IOB course in the past year?<br>", "DataExportTag": "Q36", "QuestionType": "MC", "Selector": "SAVR", "Configuration": {"QuestionDescriptionOption": "UseText"}, "QuestionDescription": "Have you completed an IOB course in the past year?", "Validation": {"Settings": {"ForceResponse": "OFF", "Type": "None"}}, "Language": [], "NextChoiceId": 4, "NextAnswerId": 1, "QuestionID": "QID36", "SubSelector": "TX", "Choices": {"1": {"Display": "Yes"}, "2": {"Display": "No"}}, "ChoiceOrder": ["1", "2"]}}, {"SurveyID": "SV_6DuRFRTHksRe2Pk", "Element": "SQ", "PrimaryAttribute": "QID37", "SecondaryAttribute": "Please rate your agreement with the following statements:", "TertiaryAttribute": null, "Payload": {"QuestionText": "Please rate your agreement with the following statements:<br>", "DataExportTag": "Q37", "QuestionType": "Matrix", "Selector": "Likert", "Configuration": {"QuestionDescriptionOption": "UseText", "TextPosition": "inline", "ChoiceColumnWidth": 25, "RepeatHeaders": "none", "WhiteSpace": "OFF", "MobileFirst": true}, "QuestionDescription": "Please rate your agreement with the following statements:", "Validation": {"Settings": {"ForceResponse": "OFF", "Type": "None"}}, "Language": [], "NextChoiceId": 4, "NextAnswerId": 1, "QuestionID": "QID37", "SubSelector": "SingleAnswer", "Choices": {"1": {"Display": "The IOB core curriculum has challenged me to think critically about bioinformatics."}, "2": {"Display": "The IOB core curriculum included enough background in biological concepts."}, "3": {"Display": "The IOB core curriculum included enough background in computational skills."}, "4": {"Display": "The IOB core curriculum included enough background in data analysis."}, "5": {"Display": "The skills and concepts I learned in IOB classes prepared me for my current research."}, "6": {"Display": "The skills and concepts I learned in IOB classes prepared me for my future career."}}, "ChoiceOrder": ["1", "2", "3", "4", "5", "6"], "Answers": {"1": {"Display": "1-Strongly Disagree"}, "2": {"Display": "2-Disagree"}, "3": {"Display": "3-Neither Agree or Disagree"}, "4": {"Display": "4-Agree"}, "5": {"Display": "5-Strongly Agree"}, "6": {"Display": "N/A"}}, "AnswerOrder": ["1", "2", "3", "4", "5", "6"]}}, {"SurveyID": "SV_6DuRFRTHksRe2Pk", "Element": "SQ", "PrimaryAttribute": "QID38", "SecondaryAttribute": "Please rate your agreement with the following statements.", "TertiaryAttribute": null, "Payload": {"QuestionText": "Please rate your agreement with the following statements.<br>", "DataExportTag": "Q38", "QuestionType": "Matrix", "Selector": "Likert", "Configuration": {"QuestionDescriptionOption": "UseText", "TextPosition": "inline", "ChoiceColumnWidth": 25, "RepeatHeaders": "none", "WhiteSpace": "OFF", "MobileFirst": true}, "QuestionDescription": "Please rate your agreement with the following statements.", "Validation": {"Settings": {"ForceResponse": "OFF", "Type": "None"}}, "Language": [], "NextChoiceId": 4, "NextAnswerId": 1, "QuestionID": "QID38", "SubSelector": "SingleAnswer", "Choices": {"1": {"Display": "One or more of the IOB electives were relevant to my research/goals."}, "2": {"Display": "One or more of the other electives were relevant to my research/goals."}, "3": {"Display": "The courses I would be interested in taking were not available in IOB or other departments."}}, "ChoiceOrder": ["1", "2", "3"], "Answers": {"1": {"Display": "1-Strongly Disagree"}, "2": {"Display": "2-Disagree"}, "3": {"Display": "3-Neither Agree or Disagree"}, "4": {"Display": "4-Agree"}, "5": {"Display": "5-Strongly Agree"}, "6": {"Display": "N/A"}}, "AnswerOrder": ["1", "2", "3", "4", "5", "6"]}}, {"SurveyID": "SV_6DuRFRTHksRe2Pk", "Element": "SQ", "PrimaryAttribute": "QID39", "SecondaryAttribute": "If you have additional feedback about the IOB curriculum, please share it here.", "TertiaryAttribute": null, "Payload": {"QuestionText": "If you have additional feedback about the IOB curriculum, please share it here.<br>", "DataExportTag": "Q39", "QuestionType": "TE", "Selector": "ML", "Configuration": {"QuestionDescriptionOption": "UseText"}, "QuestionDescription": "If you have additional feedback about the IOB curriculum, please share it here.", "Validation": {"Settings": {"ForceResponse": "OFF", "Type": "None"}}, "Language": [], "NextChoiceId": 4, "NextAnswerId": 1, "QuestionID": "QID39"}}, {"SurveyID": "SV_6DuRFRTHksRe2Pk", "Element": "SQ", "PrimaryAttribute": "QID40", "SecondaryAttribute": "In the past year, how often did you attend the following events:", "TertiaryAttribute": null, "Payload": {"QuestionText": "In the past year, how often did you attend the following events:<br>", "DataExportTag": "Q40", "QuestionType": "Matrix", "Selector": "Likert", "Configuration": {"QuestionDescriptionOption": "UseText", "TextPosition": "inline", "ChoiceColumnWidth": 25, "RepeatHeaders": "none", "WhiteSpace": "OFF", "MobileFirst": true}, "QuestionDescription": "In the past year, how often did you attend the following events:", "Validation": {"Settings": {"ForceResponse": "OFF", "Type": "None"}}, "Language": [], "NextChoiceId": 4, "NextAnswerId": 1, "QuestionID": "QID40", "SubSelector": "SingleAnswer", "Choices": {"1": {"Display": "BIGSA social events"}, "2": {"Display": "Other student organization events"}, "3": {"Display": "Grad school career workshops"}, "4": {"Display": "Grad school financial workshops"}}, "ChoiceOrder": ["1", "2", "3", "4"], "Answers": {"1": {"Display": "1-Never"}, "2": {"Display": "2-Rarely"}, "3": {"Display": "3-Sometimes"}, "4": {"Display": "4-Often"}, "5": {"Display": "5-Always"}}, "AnswerOrder": ["1", "2", "3", "4", "5"]}}, {"SurveyID": "SV_6DuRFRTHksRe2Pk", "Element": "SQ", "PrimaryAttribute": "QID41", "SecondaryAttribute": "In the past year, I have received enough information from IOB about the following topics:", "TertiaryAttribute": null, "Payload": {"QuestionText": "In the past year, I have received enough information from IOB about the following topics:<br>", "DataExportTag": "Q41", "QuestionType": "Matrix", "Selector": "Likert", "Configuration": {"QuestionDescriptionOption": "UseText", "TextPosition": "inline", "ChoiceColumnWidth": 25, "RepeatHeaders": "none", "WhiteSpace": "OFF", "MobileFirst": true}, "QuestionDescription": "In the past year, I have received enough information from IOB about the following topics:", "Validation": {"Settings": {"ForceResponse": "OFF", "Type": "None"}}, "Language": [], "NextChoiceId": 4, "NextAnswerId": 1, "QuestionID": "QID41", "SubSelector": "SingleAnswer", "Choices": {"1": {"Display": "IOB events"}, "2": {"Display": "Dissertations"}, "3": {"Display": "Seminars"}, "4": {"Display": "New hires"}, "5": {"Display": "Awards received"}, "6": {"Display": "Job openings"}, "7": {"Display": "Grant opportunities"}, "8": {"Display": "Conferences"}}, "ChoiceOrder": ["1", "2", "3", "4", "5", "6", "7", "8"], "Answers": {"1": {"Display": "1-Strongly Disagree"}, "2": {"Display": "2-Disagree"}, "3": {"Display": "3-Neither Agree or Disagree"}, "4": {"Display": "4-Agree"}, "5": {"Display": "5-Strongly Agree"}, "6": {"Display": "N/A"}}, "AnswerOrder": ["1", "2", "3", "4", "5", "6"]}}, {"SurveyID": "SV_6DuRFRTHksRe2Pk", "Element": "SQ", "PrimaryAttribute": "QID42", "SecondaryAttribute": "If you have additional feedback about the communications you have received from IOB (e.g. frequency, mode of communication) please enter it here.", "TertiaryAttribute": null, "Payload": {"QuestionText": "If you have additional feedback about the communications you have received from IOB (e.g. frequency, mode of communication) please enter it here.<br>", "DataExportTag": "Q42", "QuestionType": "TE", "Selector": "ML", "Configuration": {"QuestionDescriptionOption": "UseText"}, "QuestionDescription": "If you have additional feedback about the communications you have received from IOB (e.g. frequency, mode of communication) please enter it here.", "Validation": {"Settings": {"ForceResponse": "OFF", "Type": "None"}}, "Language": [], "NextChoiceId": 4, "NextAnswerId": 1, "QuestionID": "QID42"}}, {"SurveyID": "SV_6DuRFRTHksRe2Pk", "Element": "SQ", "PrimaryAttribute": "QID43", "SecondaryAttribute": "What would make you more likely to attend future BIGSA events? Select all that apply:", "TertiaryAttribute": null, "Payload": {"QuestionText": "What would make you more likely to attend future BIGSA events? Select all that apply:<br>", "DataExportTag": "Q43", "QuestionType": "MC", "Selector": "MAVR", "Configuration": {"QuestionDescriptionOption": "UseText"}, "QuestionDescription": "What would make you more likely to attend future BIGSA events? Select all that apply:", "Validation": {"Settings": {"ForceResponse": "OFF", "Type": "None"}}, "Language": [], "NextChoiceId": 4, "NextAnswerId": 1, "QuestionID": "QID43", "SubSelector": "TX", "Choices": {"1": {"Display": "I try to attend most events"}, "2": {"Display": "I don't know about events"}, "3": {"Display": "Nothing, I'm too busy to attend"}, "4": {"Display": "I'm not interested in the events offered"}, "5": {"Display": "Other (specify below)", "TextEntry": "true", "TextEntrySize": "Small"}}, "ChoiceOrder": ["1", "2", "3", "4", "5"]}}, {"SurveyID": "SV_6DuRFRTHksRe2Pk", "Element": "SQ", "PrimaryAttribute": "QID44", "SecondaryAttribute": "In general, would you like to see more social events?", "TertiaryAttribute": null, "Payload": {"QuestionText": "In general, would you like to see more social events?<br>", "DataExportTag": "Q44", "QuestionType": "MC", "Selector": "SAVR", "Configuration": {"QuestionDescriptionOption": "UseText"}, "QuestionDescription": "In general, would you like to see more social events?", "Validation": {"Settings": {"ForceResponse": "OFF", "Type": "None"}}, "Language": [], "NextChoiceId": 4, "NextAnswerId": 1, "QuestionID": "QID44", "SubSelector": "TX", "Choices": {"1": {"Display": "Yes"}, "2": {"Display": "No"}, "3": {"Display": "Unsure"}}, "ChoiceOrder": ["1", "2", "3"]}}, {"SurveyID": "SV_6DuRFRTHksRe2Pk", "Element": "SQ", "PrimaryAttribute": "QID45", "SecondaryAttribute": "If you have additional feedback about BIGSA or social events, please share it here.", "TertiaryAttribute": null, "Payload": {"QuestionText": "If you have additional feedback about BIGSA or social events, please share it here.<br>", "DataExportTag": "Q45", "QuestionType": "TE", "Selector": "ML", "Configuration": {"QuestionDescriptionOption": "UseText"}, "QuestionDescription": "If you have additional feedback about BIGSA or social events, please share it here.", "Validation": {"Settings": {"ForceResponse": "OFF", "Type": "None"}}, "Language": [], "NextChoiceId": 4, "NextAnswerId": 1, "QuestionID": "QID45"}}, {"SurveyID": "SV_6DuRFRTHksRe2Pk", "Element": "SQ", "PrimaryAttribute": "QID46", "SecondaryAttribute": "How interested would you be in working in the following sectors?", "TertiaryAttribute": null, "Payload": {"QuestionText": "How interested would you be in working in the following sectors?<br>", "DataExportTag": "Q46", "QuestionType": "Matrix", "Selector": "Likert", "Configuration": {"QuestionDescriptionOption": "UseText", "TextPosition": "inline", "ChoiceColumnWidth": 25, "RepeatHeaders": "none", "WhiteSpace": "OFF", "MobileFirst": true}, "QuestionDescription": "How interested would you be in working in the following sectors?", "Validation": {"Settings": {"ForceResponse": "OFF", "Type": "None"}}, "Language": [], "NextChoiceId": 4, "NextAnswerId": 1, "QuestionID": "QID46", "SubSelector": "SingleAnswer", "Choices": {"1": {"Display": "Academic (Research Focus)"}, "2": {"Display": "Academic (Teaching Focus)"}, "3": {"Display": "Biotechnology Industry"}, "4": {"Display": "Agricultural Industry"}, "5": {"Display": "Pharmaceutical Industry"}, "6": {"Display": "Healthcare Industry"}, "7": {"Display": "Other Industry"}, "8": {"Display": "Science Communication"}, "9": {"Display": "Nonprofit Research Institute"}, "10": {"Display": "Science Policy"}, "11": {"Display": "Consulting"}, "12": {"Display": "National Labs"}, "13": {"Display": "State Labs"}, "14": {"Display": "Unsure"}, "15": {"Display": "Other (specify below)", "TextEntry": "true", "TextEntrySize": "Small"}}, "ChoiceOrder": ["1", "2", "3", "4", "5", "6", "7", "8", "9", "10", "11", "12", "13", "14", "15"], "Answers": {"1": {"Display": "1-Disinterested"}, "2": {"Display": "2-Somewhat disinterested"}, "3": {"Display": "3-Neither interested nor disinterested"}, "4": {"Display": "4-Somewhat interested"}, "5": {"Display": "5-Interested"}}, "AnswerOrder": ["1", "2", "3", "4", "5"]}}, {"SurveyID": "SV_6DuRFRTHksRe2Pk", "Element": "SQ", "PrimaryAttribute": "QID47", "SecondaryAttribute": "What kind of career development resources and opportunities would be helpful to you?", "TertiaryAttribute": null, "Payload": {"QuestionText": "What kind of career development resources and opportunities would be helpful to you?<br>", "DataExportTag": "Q47", "QuestionType": "MC", "Selector": "MAVR", "Configuration": {"QuestionDescriptionOption": "UseText"}, "QuestionDescription": "What kind of career development resources and opportunities would be helpful to you?", "Validation": {"Settings": {"ForceResponse": "OFF", "Type": "None"}}, "Language": [], "NextChoiceId": 4, "NextAnswerId": 1, "QuestionID": "QID47", "SubSelector": "TX", "Choices": {"1": {"Display": "Workshops geared toward learning a specific technical skill, concept, or software"}, "2": {"Display": "Workshops on developing soft skills"}, "3": {"Display": "Workshops on job search skills (resume building, Linked-In, interviews and salary negotiation, etc.)"}, "4": {"Display": "Career focused talks and panels by alumni and other speakers"}, "5": {"Display": "Networking events"}, "6": {"Display": "IOB-hired professional headhunter to assist in job preparation and placement"}, "7": {"Display": "Other (specify below)", "TextEntry": "true", "TextEntrySize": "Small"}}, "ChoiceOrder": ["1", "2", "3", "4", "5", "6", "7"]}}, {"SurveyID": "SV_6DuRFRTHksRe2Pk", "Element": "SQ", "PrimaryAttribute": "QID48", "SecondaryAttribute": "Please rate your agreement with the following statements:", "TertiaryAttribute": null, "Payload": {"QuestionText": "Please rate your agreement with the following statements:<br>", "DataExportTag": "Q48", "QuestionType": "Matrix", "Selector": "Likert", "Configuration": {"QuestionDescriptionOption": "UseText", "TextPosition": "inline", "ChoiceColumnWidth": 25, "RepeatHeaders": "none", "WhiteSpace": "OFF", "MobileFirst": true}, "QuestionDescription": "Please rate your agreement with the following statements:", "Validation": {"Settings": {"ForceResponse": "OFF", "Type": "None"}}, "Language": [], "NextChoiceId": 4, "NextAnswerId": 1, "QuestionID": "QID48", "SubSelector": "SingleAnswer", "Choices": {"1": {"Display": "I am able to attend most conferences and/or workshops I am interested in"}, "2": {"Display": "I have financial support to attend scientific conference/training opportunities"}, "3": {"Display": "I have financial support to attend non-scientific networking/training events"}}, "ChoiceOrder": ["1", "2", "3"], "Answers": {"1": {"Display": "1-Strongly Disagree"}, "2": {"Display": "2-Disagree"}, "3": {"Display": "3-Neither Agree or Disagree"}, "4": {"Display": "4-Agree"}, "5": {"Display": "5-Strongly Agree"}, "6": {"Display": "N/A"}}, "AnswerOrder": ["1", "2", "3", "4", "5", "6"]}}, {"SurveyID": "SV_6DuRFRTHksRe2Pk", "Element": "SQ", "PrimaryAttribute": "QID49", "SecondaryAttribute": "What types of career development opportunities in IOB would you like to see in the future?", "TertiaryAttribute": null, "Payload": {"QuestionText": "What types of career development opportunities in IOB would you like to see in the future?<br>", "DataExportTag": "Q49", "QuestionType": "TE", "Selector": "ML", "Configuration": {"QuestionDescriptionOption": "UseText"}, "QuestionDescription": "What types of career development opportunities in IOB would you like to see in the future?", "Validation": {"Settings": {"ForceResponse": "OFF", "Type": "None"}}, "Language": [], "NextChoiceId": 4, "NextAnswerId": 1, "QuestionID": "QID49"}}, {"SurveyID": "SV_6DuRFRTHksRe2Pk", "Element": "SQ", "PrimaryAttribute": "QID50", "SecondaryAttribute": "In the past year, my funding has come from the following sources:", "TertiaryAttribute": null, "Payload": {"QuestionText": "In the past year, my funding has come from the following sources:<br>", "DataExportTag": "Q50", "QuestionType": "MC", "Selector": "MAVR", "Configuration": {"QuestionDescriptionOption": "UseText"}, "QuestionDescription": "In the past year, my funding has come from the following sources:", "Validation": {"Settings": {"ForceResponse": "OFF", "Type": "None"}}, "Language": [], "NextChoiceId": 4, "NextAnswerId": 1, "QuestionID": "QID50", "SubSelector": "TX", "Choices": {"1": {"Display": "External fellowship"}, "2": {"Display": "T32 training grant or other UGA fellowship"}, "3": {"Display": "Research assistantship (lab industry contract)"}, "4": {"Display": "Research assistantship (lab grant)"}, "5": {"Display": "Research assistantship (other lab funds)"}, "6": {"Display": "Research assistantship (departmental funds)"}, "7": {"Display": "Research assistantship (government contract)"}, "8": {"Display": "Teaching assistantship (IOB)"}, "9": {"Display": "Teaching assistantship (other department)"}, "10": {"Display": "No funding support"}, "11": {"Display": "Unsure"}}, "ChoiceOrder": ["1", "2", "3", "4", "5", "6", "7", "8", "9", "10", "11"]}}, {"SurveyID": "SV_6DuRFRTHksRe2Pk", "Element": "SQ", "PrimaryAttribute": "QID51", "SecondaryAttribute": "If you have additional feedback about BIGSA or social events, please share it here.", "TertiaryAttribute": null, "Payload": {"QuestionText": "If you have additional feedback about BIGSA or social events, please share it here.<br>", "DataExportTag": "Q51", "QuestionType": "TE", "Selector": "ML", "Configuration": {"QuestionDescriptionOption": "UseText"}, "QuestionDescription": "If you have additional feedback about BIGSA or social events, please share it here.", "Validation": {"Settings": {"ForceResponse": "OFF", "Type": "None"}}, "Language": [], "NextChoiceId": 4, "NextAnswerId": 1, "QuestionID": "QID51"}}, {"SurveyID": "SV_6DuRFRTHksRe2Pk", "Element": "SQ", "PrimaryAttribute": "QID52", "SecondaryAttribute": "In the past year, how many of the following have caused you significant financial strain?", "TertiaryAttribute": null, "Payload": {"QuestionText": "In the past year, how many of the following have caused you significant financial strain?<br>", "DataExportTag": "Q52", "QuestionType": "MC", "Selector": "MAVR", "Configuration": {"QuestionDescriptionOption": "UseText"}, "QuestionDescription": "In the past year, how many of the following have caused you significant financial strain?", "Validation": {"Settings": {"ForceResponse": "OFF", "Type": "None"}}, "Language": [], "NextChoiceId": 4, "NextAnswerId": 1, "QuestionID": "QID52", "SubSelector": "TX", "Choices": {"1": {"Display": "No significant financial strain"}, "2": {"Display": "Cost of living (rent, utilities, food, etc.)"}, "3": {"Display": "IOB reimbursable expenses (e.g. conference registration fees)"}, "4": {"Display": "Debt (e.g. student loans)"}, "5": {"Display": "Recurring medical expenses"}, "6": {"Display": "Emergency/non-recurring medical expenses"}, "7": {"Display": "Other recurring expenses"}, "8": {"Display": "Other emergency/non-recurring expenses"}, "9": {"Display": "Other (specify below)", "TextEntry": "true", "TextEntrySize": "Small"}}, "ChoiceOrder": ["1", "2", "3", "4", "5", "6", "7", "8", "9"]}}, {"SurveyID": "SV_6DuRFRTHksRe2Pk", "Element": "SQ", "PrimaryAttribute": "QID53", "SecondaryAttribute": "In the past year, how many of the following have you used your personal funds for, without reimbursement?", "TertiaryAttribute": null, "Payload": {"QuestionText": "In the past year, how many of the following have you used your personal funds for, without reimbursement?<br>", "DataExportTag": "Q53", "QuestionType": "MC", "Selector": "MAVR", "Configuration": {"QuestionDescriptionOption": "UseText"}, "QuestionDescription": "In the past year, how many of the following have you used your personal funds for, without reimbursement?", "Validation": {"Settings": {"ForceResponse": "OFF", "Type": "None"}}, "Language": [], "NextChoiceId": 4, "NextAnswerId": 1, "QuestionID": "QID53", "SubSelector": "TX", "Choices": {"1": {"Display": "I have not used any of my personal funds for activities related to research or teaching"}, "2": {"Display": "Office/Lab supplies"}, "3": {"Display": "Supplies for the classroom"}, "4": {"Display": "Conference costs (e.g. workshop registration fee, lodging)"}, "5": {"Display": "Software that is available for free on campus/lab computers"}, "6": {"Display": "Software that is not available on campus/lab computers"}}, "ChoiceOrder": ["1", "2", "3", "4", "5", "6"]}}, {"SurveyID": "SV_6DuRFRTHksRe2Pk", "Element": "SQ", "PrimaryAttribute": "QID54", "SecondaryAttribute": "On average, how many total hours per week do you spend for each of the following activities?", "TertiaryAttribute": null, "Payload": {"QuestionText": "On average, how many total hours per week do you spend for each of the following activities?<br>", "DataExportTag": "Q54", "QuestionType": "CS", "Selector": "VRTL", "Configuration": {"QuestionDescriptionOption": "UseText"}, "QuestionDescription": "On average, how many total hours per week do you spend for each of the following activities?", "Validation": {"Settings": {"ForceResponse": "OFF", "Type": "None"}}, "Language": [], "NextChoiceId": 4, "NextAnswerId": 1, "QuestionID": "QID54", "SubSelector": "TX", "Choices": {"1": {"Display": "Professional organizations and outreach activities"}, "2": {"Display": "Classwork"}, "3": {"Display": "Teaching"}, "4": {"Display": "Funding source"}, "5": {"Display": "Thesis/dissertation research"}}, "ChoiceOrder": ["1", "2", "3", "4", "5"]}}, {"SurveyID": "SV_6DuRFRTHksRe2Pk", "Element": "SQ", "PrimaryAttribute": "QID55", "SecondaryAttribute": "Approximately how many days have you taken off in the past year for each of the following reasons? Do not include time where you are working remotely.", "TertiaryAttribute": null, "Payload": {"QuestionText": "Approximately how many days have you taken off in the past year for each of the following reasons? Do not include time where you are working remotely.<br>", "DataExportTag": "Q55", "QuestionType": "CS", "Selector": "VRTL", "Configuration": {"QuestionDescriptionOption": "UseText"}, "QuestionDescription": "Approximately how many days have you taken off in the past year for each of the following reasons? Do not include time where you are working remotely.", "Validation": {"Settings": {"ForceResponse": "OFF", "Type": "None"}}, "Language": [], "NextChoiceId": 4, "NextAnswerId": 1, "QuestionID": "QID55", "SubSelector": "TX", "Choices": {"1": {"Display": "Parental leave"}, "2": {"Display": "Medical leave (including sick days)"}, "3": {"Display": "Caregiving leave"}, "4": {"Display": "Bereavement leave"}, "5": {"Display": "Travel required for visa requirements"}, "6": {"Display": "Military leave"}, "7": {"Display": "UGA holidays"}, "8": {"Display": "Personal days (including vacation)"}}, "ChoiceOrder": ["1", "2", "3", "4", "5", "6", "7", "8"]}}, {"SurveyID": "SV_6DuRFRTHksRe2Pk", "Element": "SQ", "PrimaryAttribute": "QID56", "SecondaryAttribute": "Do you feel comfortable asking for days off for the following reasons?", "TertiaryAttribute": null, "Payload": {"QuestionText": "Do you feel comfortable asking for days off for the following reasons?<br>", "DataExportTag": "Q56", "QuestionType": "Matrix", "Selector": "Likert", "Configuration": {"QuestionDescriptionOption": "UseText", "TextPosition": "inline", "ChoiceColumnWidth": 25, "RepeatHeaders": "none", "WhiteSpace": "OFF", "MobileFirst": true}, "QuestionDescription": "Do you feel comfortable asking for days off for the following reasons?", "Validation": {"Settings": {"ForceResponse": "OFF", "Type": "None"}}, "Language": [], "NextChoiceId": 4, "NextAnswerId": 1, "QuestionID": "QID56", "SubSelector": "SingleAnswer", "Choices": {"1": {"Display": "Parental leave"}, "2": {"Display": "Mental health"}, "3": {"Display": "Physical health"}, "4": {"Display": "Caregiving leave"}, "5": {"Display": "Bereavement leave"}, "6": {"Display": "Travel required for visa requirements"}, "7": {"Display": "Military leave"}, "8": {"Display": "UGA holidays"}, "9": {"Display": "Personal days (including vacation)"}}, "ChoiceOrder": ["1", "2", "3", "4", "5", "6", "7", "8", "9"], "Answers": {"1": {"Display": "No, my PI makes me feel bad for taking time off."}, "2": {"Display": "Yes, as long as I have been productive recently."}, "3": {"Display": "Yes, as long as I catch my PI in the right mood."}, "4": {"Display": "Yes; my PI is supportive of this time off."}}, "AnswerOrder": ["1", "2", "3", "4"]}}, {"SurveyID": "SV_6DuRFRTHksRe2Pk", "Element": "SQ", "PrimaryAttribute": "QID57", "SecondaryAttribute": "In the past year, how often do you feel you have had sufficient time for the following activities?", "TertiaryAttribute": null, "Payload": {"QuestionText": "In the past year, how often do you feel you have had sufficient time for the following activities?<br>", "DataExportTag": "Q57", "QuestionType": "Matrix", "Selector": "Likert", "Configuration": {"QuestionDescriptionOption": "UseText", "TextPosition": "inline", "ChoiceColumnWidth": 25, "RepeatHeaders": "none", "WhiteSpace": "OFF", "MobileFirst": true}, "QuestionDescription": "In the past year, how often do you feel you have had sufficient time for the following activities?", "Validation": {"Settings": {"ForceResponse": "OFF", "Type": "None"}}, "Language": [], "NextChoiceId": 4, "NextAnswerId": 1, "QuestionID": "QID57", "SubSelector": "SingleAnswer", "Choices": {"1": {"Display": "Spending time with family"}, "2": {"Display": "Exercise"}, "3": {"Display": "Volunteering, advocacy, and outreach"}, "4": {"Display": "Preparing meals"}, "5": {"Display": "Socializing outside of work"}, "6": {"Display": "Attending cultural events and religious observances"}, "7": {"Display": "Hobbies or other activities you enjoy"}}, "ChoiceOrder": ["1", "2", "3", "4", "5", "6", "7"], "Answers": {"1": {"Display": "1-Never"}, "2": {"Display": "2-Rarely"}, "3": {"Display": "3-Sometimes"}, "4": {"Display": "4-Often"}, "5": {"Display": "5-Always"}, "6": {"Display": "N/A"}}, "AnswerOrder": ["1", "2", "3", "4", "5", "6"]}}, {"SurveyID": "SV_6DuRFRTHksRe2Pk", "Element": "SQ", "PrimaryAttribute": "QID58", "SecondaryAttribute": "In the past year, how would you rate your mental and emotional health?", "TertiaryAttribute": null, "Payload": {"QuestionText": "In the past year, how would you rate your mental and emotional health?<br>", "DataExportTag": "Q58", "QuestionType": "MC", "Selector": "SAVR", "Configuration": {"QuestionDescriptionOption": "UseText"}, "QuestionDescription": "In the past year, how would you rate your mental and emotional health?", "Validation": {"Settings": {"ForceResponse": "OFF", "Type": "None"}}, "Language": [], "NextChoiceId": 4, "NextAnswerId": 1, "QuestionID": "QID58", "SubSelector": "TX", "Choices": {"1": {"Display": "1-Very Poor"}, "2": {"Display": "2-Poor"}, "3": {"Display": "3-Acceptable"}, "4": {"Display": "4-Good"}, "5": {"Display": "5-Very Good"}, "6": {"Display": "Prefer not to answer"}}, "ChoiceOrder": ["1", "2", "3", "4", "5", "6"]}}, {"SurveyID": "SV_6DuRFRTHksRe2Pk", "Element": "SQ", "PrimaryAttribute": "QID59", "SecondaryAttribute": "In the past year, how often have you felt stressed?", "TertiaryAttribute": null, "Payload": {"QuestionText": "In the past year, how often have you felt stressed?<br>", "DataExportTag": "Q59", "QuestionType": "MC", "Selector": "SAVR", "Configuration": {"QuestionDescriptionOption": "UseText"}, "QuestionDescription": "In the past year, how often have you felt stressed?", "Validation": {"Settings": {"ForceResponse": "OFF", "Type": "None"}}, "Language": [], "NextChoiceId": 4, "NextAnswerId": 1, "QuestionID": "QID59", "SubSelector": "TX", "Choices": {"1": {"Display": "1-Never"}, "2": {"Display": "2-Rarely"}, "3": {"Display": "3-Sometimes"}, "4": {"Display": "4-Often"}, "5": {"Display": "5-Always"}}, "ChoiceOrder": ["1", "2", "3", "4", "5"]}}, {"SurveyID": "SV_6DuRFRTHksRe2Pk", "Element": "SQ", "PrimaryAttribute": "QID60", "SecondaryAttribute": "In the past year, what has been the impact of the graduate program on your mental health (or well being)?", "TertiaryAttribute": null, "Payload": {"QuestionText": "In the past year, what has been the impact of the graduate program on your mental health (or well being)?<br>", "DataExportTag": "Q60", "QuestionType": "MC", "Selector": "SAVR", "Configuration": {"QuestionDescriptionOption": "UseText"}, "QuestionDescription": "In the past year, what has been the impact of the graduate program on your mental health (or well being)?", "Validation": {"Settings": {"ForceResponse": "OFF", "Type": "None"}}, "Language": [], "NextChoiceId": 4, "NextAnswerId": 1, "QuestionID": "QID60", "SubSelector": "TX", "Choices": {"1": {"Display": "Positive"}, "2": {"Display": "Neutral"}, "3": {"Display": "Negative - and I have sought professional help"}, "4": {"Display": "Negative - and I have not sought professional help"}, "5": {"Display": "Prefer not to answer"}}, "ChoiceOrder": ["1", "2", "3", "4", "5"]}}, {"SurveyID": "SV_6DuRFRTHksRe2Pk", "Element": "SQ", "PrimaryAttribute": "QID61", "SecondaryAttribute": "If you have additional feedback around graduate student wellbeing, please share it here.", "TertiaryAttribute": null, "Payload": {"QuestionText": "If you have additional feedback around graduate student wellbeing, please share it here.<br>", "DataExportTag": "Q61", "QuestionType": "TE", "Selector": "ML", "Configuration": {"QuestionDescriptionOption": "UseText"}, "QuestionDescription": "If you have additional feedback around graduate student wellbeing, please share it here.", "Validation": {"Settings": {"ForceResponse": "OFF", "Type": "None"}}, "Language": [], "NextChoiceId": 4, "NextAnswerId": 1, "QuestionID": "QID61"}}, {"SurveyID": "SV_6DuRFRTHksRe2Pk", "Element": "SQ", "PrimaryAttribute": "QID62", "SecondaryAttribute": "If there is anything else you would like to share with us, please do so below.", "TertiaryAttribute": null, "Payload": {"QuestionText": "If there is anything else you would like to share with us, please do so below.<br>", "DataExportTag": "Q62", "QuestionType": "TE", "Selector": "ML", "Configuration": {"QuestionDescriptionOption": "UseText"}, "QuestionDescription": "If there is anything else you would like to share with us, please do so below.", "Validation": {"Settings": {"ForceResponse": "OFF", "Type": "None"}}, "Language": [], "NextChoiceId": 4, "NextAnswerId": 1, "QuestionID": "QID62"}}]}