{"SurveyEntry": {"SurveyID": "SV_8uYCLiVlYVfp0Ee", "SurveyName": "IOB Graduate Student Satisfaction Survey", "SurveyDescription": null, "SurveyOwnerID": "UR_82hSeBo3AjuxM5U", "SurveyBrandID": "ugeorgia", "DivisionID": "DV_42V8qKI9A0TWwfj", "SurveyLanguage": "EN", "SurveyActiveResponseSet": "RS_5b4MXbkTJ9ytYmG", "SurveyStatus": "Inactive", "SurveyStartDate": "0000-00-00 00:00:00", "SurveyExpirationDate": "0000-00-00 00:00:00", "SurveyCreationDate": "2023-09-05 13:33:48", "CreatorID": "UR_82hSeBo3AjuxM5U", "LastModified": "2023-09-05 13:33:52", "LastAccessed": "0000-00-00 00:00:00", "LastActivated": "0000-00-00 00:00:00", "Deleted": null}, "SurveyElements": [{"SurveyID": "SV_8uYCLiVlYVfp0Ee", "Element": "BL", "PrimaryAttribute": "Survey Blocks", "SecondaryAttribute": null, "TertiaryAttribute": null, "Payload": {"0": {"Type": "Trash", "Description": "Trash / Unused Questions", "ID": "BL_2cbDhi6RmHXbnF4"}, "1": {"Description": "Instructions", "Type": "Standard", "BlockElements": [{"Type": "Question", "QuestionID": "QID1"}], "ID": "BL_000000000000001"}, "2": {"Description": "Student Info", "Type": "Standard", "BlockElements": [{"Type": "Question", "QuestionID": "QID2"}, {"Type": "Question", "QuestionID": "QID3"}, {"Type": "Question", "QuestionID": "QID4"}, {"Type": "Question", "QuestionID": "QID5"}, {"Type": "Question", "QuestionID": "QID6"}], "ID": "BL_000000000000002"}, "3": {"Description": "Recruitment", "Type": "Standard", "BlockElements": [{"Type": "Question", "QuestionID": "QID7"}, {"Type": "Question", "QuestionID": "QID8"}, {"Type": "Question", "QuestionID": "QID9"}, {"Type": "Question", "QuestionID": "QID10"}], "ID": "BL_000000000000003"}, "4": {"Description": "Overall Satisfaction", "Type": "Standard", "BlockElements": [{"Type": "Question", "QuestionID": "QID11"}, {"Type": "Question", "QuestionID": "QID12"}, {"Type": "Question", "QuestionID": "QID13"}, {"Type": "Page Break"}, {"Type": "Question", "QuestionID": "QID14"}, {"Type": "Question", "QuestionID": "QID15"}, {"Type": "Question", "QuestionID": "QID16"}, {"Type": "Question", "QuestionID": "QID17"}, {"Type": "Question", "QuestionID": "QID18"}], "ID": "BL_000000000000004"}, "5": {"Description": "DEI", "Type": "Standard", "BlockElements": [{"Type": "Question", "QuestionID": "QID19"}, {"Type": "Question", "QuestionID": "QID20"}, {"Type": "Page Break"}, {"Type": "Question", "QuestionID": "QID21"}, {"Type": "Question", "QuestionID": "QID22"}, {"Type": "Question", "QuestionID": "QID23"}, {"Type": "Question", "QuestionID": "QID24"}], "ID": "BL_000000000000005"}, "6": {"Description": "Mentorship", "Type": "Standard", "BlockElements": [{"Type": "Question", "QuestionID": "QID25"}, {"Type": "Question", "QuestionID": "QID26"}, {"Type": "Question", "QuestionID": "QID27"}, {"Type": "Question", "QuestionID": "QID28"}], "ID": "BL_000000000000006"}, "7": {"Description": "Coursework", "Type": "Standard", "BlockElements": [{"Type": "Question", "QuestionID": "QID29"}, {"Type": "Question", "QuestionID": "QID30"}, {"Type": "Question", "QuestionID": "QID31"}], "ID": "BL_000000000000007"}, "8": {"Description": "Communication and Community", "Type": "Standard", "BlockElements": [{"Type": "Question", "QuestionID": "QID32"}, {"Type": "Question", "QuestionID": "QID33"}, {"Type": "Question", "QuestionID": "QID34"}], "ID": "BL_000000000000008"}, "9": {"Description": "Career Development", "Type": "Standard", "BlockElements": [{"Type": "Question", "QuestionID": "QID35"}, {"Type": "Question", "QuestionID": "QID36"}, {"Type": "Question", "QuestionID": "QID37"}, {"Type": "Question", "QuestionID": "QID38"}], "ID": "BL_000000000000009"}, "10": {"Description": "Wellbeing", "Type": "Standard", "BlockElements": [{"Type": "Question", "QuestionID": "QID39"}, {"Type": "Question", "QuestionID": "QID40"}, {"Type": "Question", "QuestionID": "QID41"}, {"Type": "Question", "QuestionID": "QID42"}, {"Type": "Question", "QuestionID": "QID43"}, {"Type": "Question", "QuestionID": "QID44"}, {"Type": "Question", "QuestionID": "QID45"}, {"Type": "Question", "QuestionID": "QID46"}], "ID": "BL_000000000000010"}, "11": {"Description": "Final Comments", "Type": "Standard", "BlockElements": [{"Type": "Question", "QuestionID": "QID47"}, {"Type": "Question", "QuestionID": "QID48"}], "ID": "BL_000000000000011"}}}, {"SurveyID": "SV_8uYCLiVlYVfp0Ee", "Element": "FL", "PrimaryAttribute": "Survey Flow", "SecondaryAttribute": null, "TertiaryAttribute": null, "Payload": {"Flow": [{"ID": "BL_000000000000001", "Type": "Block", "FlowID": "FL_2"}, {"ID": "BL_000000000000002", "Type": "Block", "FlowID": "FL_3"}, {"ID": "BL_000000000000003", "Type": "Block", "FlowID": "FL_4"}, {"ID": "BL_000000000000004", "Type": "Block", "FlowID": "FL_5"}, {"ID": "BL_000000000000005", "Type": "Block", "FlowID": "FL_6"}, {"ID": "BL_000000000000006", "Type": "Block", "FlowID": "FL_7"}, {"ID": "BL_000000000000007", "Type": "Block", "FlowID": "FL_8"}, {"ID": "BL_000000000000008", "Type": "Block", "FlowID": "FL_9"}, {"ID": "BL_000000000000009", "Type": "Block", "FlowID": "FL_10"}, {"ID": "BL_000000000000010", "Type": "Block", "FlowID": "FL_11"}, {"ID": "BL_000000000000011", "Type": "Block", "FlowID": "FL_12"}], "Properties": {"Count": 12}, "FlowID": "FL_1", "Type": "Root"}}, {"SurveyID": "SV_8uYCLiVlYVfp0Ee", "Element": "PL", "PrimaryAttribute": "Preview Link", "SecondaryAttribute": null, "TertiaryAttribute": null, "Payload": {"PreviewType": "Brand", "PreviewID": "d49ee847-c5fd-4bdd-bba8-ae2e1dc499de"}}, {"SurveyID": "SV_8uYCLiVlYVfp0Ee", "Element": "SO", "PrimaryAttribute": "Survey Options", "SecondaryAttribute": null, "TertiaryAttribute": null, "Payload": {"BackButton": "true", "SaveAndContinue": "true", "SurveyProtection": "PublicSurvey", "BallotBoxStuffingPrevention": "false", "NoIndex": "Yes", "SecureResponseFiles": "true", "SurveyExpiration": "None", "SurveyTermination": "DefaultMessage", "Header": "", "Footer": "", "ProgressBarDisplay": "NoText", "PartialData": "+1 week", "ValidationMessage": "", "PreviousButton": "", "NextButton": "", "SurveyTitle": "Qualtrics Survey | Qualtrics Experience Management", "SkinLibrary": "ugeorgia", "SkinType": "MQ", "Skin": "skin1_new", "NewScoring": 1, "SurveyMetaDescription": "The most powerful, simple and trusted way to gather experience data. Start your journey to experience management and try a free account today."}}, {"SurveyID": "SV_8uYCLiVlYVfp0Ee", "Element": "SCO", "PrimaryAttribute": "Scoring", "SecondaryAttribute": null, "TertiaryAttribute": null, "Payload": {"ScoringCategories": [], "ScoringCategoryGroups": [], "ScoringSummaryCategory": null, "ScoringSummaryAfterQuestions": 0, "ScoringSummaryAfterSurvey": 0, "DefaultScoringCategory": null, "AutoScoringCategory": null}}, {"SurveyID": "SV_8uYCLiVlYVfp0Ee", "Element": "PROJ", "PrimaryAttribute": "CORE", "SecondaryAttribute": null, "TertiaryAttribute": "1.1.0", "Payload": {"ProjectCategory": "CORE", "SchemaVersion": "1.1.0"}}, {"SurveyID": "SV_8uYCLiVlYVfp0Ee", "Element": "STAT", "PrimaryAttribute": "Survey Statistics", "SecondaryAttribute": null, "TertiaryAttribute": null, "Payload": {"MobileCompatible": true, "ID": "Survey Statistics"}}, {"SurveyID": "SV_8uYCLiVlYVfp0Ee", "Element": "QC", "PrimaryAttribute": "Survey Question Count", "SecondaryAttribute": "48", "TertiaryAttribute": null, "Payload": null}, {"SurveyID": "SV_8uYCLiVlYVfp0Ee", "Element": "RS", "PrimaryAttribute": "RS_5b4MXbkTJ9ytYmG", "SecondaryAttribute": "Default Response Set", "TertiaryAttribute": null, "Payload": null}, {"SurveyID": "SV_8uYCLiVlYVfp0Ee", "Element": "SQ", "PrimaryAttribute": "QID1", "SecondaryAttribute": "The following survey gauges graduate student satisfaction with the UGA Institute of Bioinformatics (IOB) Graduate Program.", "TertiaryAttribute": null, "Payload": {"QuestionText": "The following survey gauges graduate student satisfaction with the UGA Institute of Bioinformatics (IOB) Graduate Program.<br><br>It covers the following aspects of your graduate experience and is completely anonymous.<br><br>Student Info<br>Recruitment<br>Overall Satisfaction<br>DEI<br>Mentorship<br>Coursework<br>Communication and Community<br>Career Development<br>Wellbeing<br><br>We welcome your comments at the end of the survey.<br>Please keep your comments professional and constructive.<br><br>Concerns regarding anonymity: The IOB Student Programs Manager (April Mosley) is the only individual with unrestricted access to survey data. Restricted access is given to BIGSA board members and the Advising Graduate Coordinator. These restrictions prevent viewing individual responses and cross-tabulation of data to identify respondents.", "DataExportTag": "Q1", "QuestionType": "DB", "Selector": "TB", "Configuration": {"QuestionDescriptionOption": "UseText"}, "QuestionDescription": "The following survey gauges graduate student satisfaction with the UGA Institute of Bioinformatics (IOB) Graduate Program.", "Validation": {"Settings": {"ForceResponse": "OFF", "Type": "None"}}, "Language": [], "NextChoiceId": 4, "NextAnswerId": 1, "QuestionID": "QID1"}}, {"SurveyID": "SV_8uYCLiVlYVfp0Ee", "Element": "SQ", "PrimaryAttribute": "QID2", "SecondaryAttribute": "Are you a PhD student or a Master's student?", "TertiaryAttribute": null, "Payload": {"QuestionText": "Are you a PhD student or a Master's student?", "DataExportTag": "Q2", "QuestionType": "MC", "Selector": "SAVR", "Configuration": {"QuestionDescriptionOption": "UseText"}, "QuestionDescription": "Are you a PhD student or a Master's student?", "Validation": {"Settings": {"ForceResponse": "OFF", "Type": "None"}}, "Language": [], "NextChoiceId": 4, "NextAnswerId": 1, "QuestionID": "QID2", "SubSelector": "TX", "Choices": {"1": {"Display": "PhD"}, "2": {"Display": "Master's"}}, "ChoiceOrder": ["1", "2"]}}, {"SurveyID": "SV_8uYCLiVlYVfp0Ee", "Element": "SQ", "PrimaryAttribute": "QID3", "SecondaryAttribute": "What year did you start your current degree program at UGA (not in IOB specifically)?", "TertiaryAttribute": null, "Payload": {"QuestionText": "What year did you start your current degree program at UGA (not in IOB specifically)?", "DataExportTag": "Q3", "QuestionType": "MC", "Selector": "SAVR", "Configuration": {"QuestionDescriptionOption": "UseText"}, "QuestionDescription": "What year did you start your current degree program at UGA (not in IOB specifically)?", "Validation": {"Settings": {"ForceResponse": "OFF", "Type": "None"}}, "Language": [], "NextChoiceId": 4, "NextAnswerId": 1, "QuestionID": "QID3", "SubSelector": "TX", "Choices": {"1": {"Display": "2023"}, "2": {"Display": "2022"}, "3": {"Display": "2021"}, "4": {"Display": "2020"}, "5": {"Display": "2019"}, "6": {"Display": "2018"}, "7": {"Display": "2017"}, "8": {"Display": "2016 or before"}}, "ChoiceOrder": ["1", "2", "3", "4", "5", "6", "7", "8"]}}, {"SurveyID": "SV_8uYCLiVlYVfp0Ee", "Element": "SQ", "PrimaryAttribute": "QID4", "SecondaryAttribute": "If you are a PhD student, have you completed your comprehensive exams?", "TertiaryAttribute": null, "Payload": {"QuestionText": "If you are a PhD student, have you completed your comprehensive exams?", "DataExportTag": "Q4", "QuestionType": "MC", "Selector": "SAVR", "Configuration": {"QuestionDescriptionOption": "UseText"}, "QuestionDescription": "If you are a PhD student, have you completed your comprehensive exams?", "Validation": {"Settings": {"ForceResponse": "OFF", "Type": "None"}}, "Language": [], "NextChoiceId": 4, "NextAnswerId": 1, "QuestionID": "QID4", "SubSelector": "TX", "Choices": {"1": {"Display": "Yes"}, "2": {"Display": "No"}, "3": {"Display": "N/A"}}, "ChoiceOrder": ["1", "2", "3"]}}, {"SurveyID": "SV_8uYCLiVlYVfp0Ee", "Element": "SQ", "PrimaryAttribute": "QID5", "SecondaryAttribute": "Are you an international student?", "TertiaryAttribute": null, "Payload": {"QuestionText": "Are you an international student?", "DataExportTag": "Q5", "QuestionType": "MC", "Selector": "SAVR", "Configuration": {"QuestionDescriptionOption": "UseText"}, "QuestionDescription": "Are you an international student?", "Validation": {"Settings": {"ForceResponse": "OFF", "Type": "None"}}, "Language": [], "NextChoiceId": 4, "NextAnswerId": 1, "QuestionID": "QID5", "SubSelector": "TX", "Choices": {"1": {"Display": "Yes"}, "2": {"Display": "No"}, "3": {"Display": "Prefer not to answer"}}, "ChoiceOrder": ["1", "2", "3"]}}, {"SurveyID": "SV_8uYCLiVlYVfp0Ee", "Element": "SQ", "PrimaryAttribute": "QID6", "SecondaryAttribute": "Is English your native language?", "TertiaryAttribute": null, "Payload": {"QuestionText": "Is English your native language?", "DataExportTag": "Q6", "QuestionType": "MC", "Selector": "SAVR", "Configuration": {"QuestionDescriptionOption": "UseText"}, "QuestionDescription": "Is English your native language?", "Validation": {"Settings": {"ForceResponse": "OFF", "Type": "None"}}, "Language": [], "NextChoiceId": 4, "NextAnswerId": 1, "QuestionID": "QID6", "SubSelector": "TX", "Choices": {"1": {"Display": "Yes"}, "2": {"Display": "No"}, "3": {"Display": "Prefer not to answer"}}, "ChoiceOrder": ["1", "2", "3"]}}, {"SurveyID": "SV_8uYCLiVlYVfp0Ee", "Element": "SQ", "PrimaryAttribute": "QID7", "SecondaryAttribute": "How were you recruited/admitted to IOB?", "TertiaryAttribute": null, "Payload": {"QuestionText": "How were you recruited/admitted to IOB?", "DataExportTag": "Q7", "QuestionType": "MC", "Selector": "SAVR", "Configuration": {"QuestionDescriptionOption": "UseText"}, "QuestionDescription": "How were you recruited/admitted to IOB?", "Validation": {"Settings": {"ForceResponse": "OFF", "Type": "None"}}, "Language": [], "NextChoiceId": 4, "NextAnswerId": 1, "QuestionID": "QID7", "SubSelector": "TX", "Choices": {"1": {"Display": "Through ILS"}, "2": {"Display": "Through IPS"}, "3": {"Display": "Direct admission"}, "4": {"Display": "Other (specify below)", "TextEntry": "true", "TextEntrySize": "Small"}}, "ChoiceOrder": ["1", "2", "3", "4"]}}, {"SurveyID": "SV_8uYCLiVlYVfp0Ee", "Element": "SQ", "PrimaryAttribute": "QID8", "SecondaryAttribute": "How well were program expectations (eg registration, class requirements, etc) explained to you by the department?", "TertiaryAttribute": null, "Payload": {"QuestionText": "How well were program expectations (eg registration, class requirements, etc) explained to you by the department?", "DataExportTag": "Q8", "QuestionType": "Matrix", "Selector": "Likert", "Configuration": {"QuestionDescriptionOption": "UseText", "TextPosition": "inline", "ChoiceColumnWidth": 25, "RepeatHeaders": "none", "WhiteSpace": "OFF", "MobileFirst": true}, "QuestionDescription": "How well were program expectations (eg registration, class requirements, etc) explained to you by the department?", "Validation": {"Settings": {"ForceResponse": "OFF", "Type": "None"}}, "Language": [], "NextChoiceId": 4, "NextAnswerId": 1, "QuestionID": "QID8", "SubSelector": "SingleAnswer", "Choices": {"1": {"Display": "Before you joined"}, "2": {"Display": "After joining"}}, "ChoiceOrder": ["1", "2"], "Answers": {"1": {"Display": "1-Very Poorly"}, "2": {"Display": "2-Poorly"}, "3": {"Display": "3-Acceptably"}, "4": {"Display": "4-Well"}, "5": {"Display": "5-Very Well"}}, "AnswerOrder": ["1", "2", "3", "4", "5"]}}, {"SurveyID": "SV_8uYCLiVlYVfp0Ee", "Element": "SQ", "PrimaryAttribute": "QID9", "SecondaryAttribute": "Why did you join the Institute of Bioinformatics?", "TertiaryAttribute": null, "Payload": {"QuestionText": "(Choose all that apply) Why did you join the Institute of Bioinformatics?", "DataExportTag": "Q9", "QuestionType": "MC", "Selector": "MAVR", "Configuration": {"QuestionDescriptionOption": "UseText"}, "QuestionDescription": "Why did you join the Institute of Bioinformatics?", "Validation": {"Settings": {"ForceResponse": "OFF", "Type": "None"}}, "Language": [], "NextChoiceId": 4, "NextAnswerId": 1, "QuestionID": "QID9", "SubSelector": "TX", "Choices": {"1": {"Display": "My PI suggested it"}, "2": {"Display": "Expected degree for my future career"}, "3": {"Display": "Course requirements"}, "4": {"Display": "Expected timeline (e.g. graduation, comprehensive exams)"}, "5": {"Display": "Comprehensive exam format"}, "6": {"Display": "Recommendation from current students/faculty"}, "7": {"Display": "Department community"}, "8": {"Display": "Other (specify below)", "TextEntry": "true", "TextEntrySize": "Small"}}, "ChoiceOrder": ["1", "2", "3", "4", "5", "6", "7", "8"]}}, {"SurveyID": "SV_8uYCLiVlYVfp0Ee", "Element": "SQ", "PrimaryAttribute": "QID10", "SecondaryAttribute": "When did you begin to consider joining the Institute of Bioinformatics at UGA?", "TertiaryAttribute": null, "Payload": {"QuestionText": "When did you begin to consider joining the Institute of Bioinformatics at UGA?", "DataExportTag": "Q10", "QuestionType": "MC", "Selector": "SAVR", "Configuration": {"QuestionDescriptionOption": "UseText"}, "QuestionDescription": "When did you begin to consider joining the Institute of Bioinformatics at UGA?", "Validation": {"Settings": {"ForceResponse": "OFF", "Type": "None"}}, "Language": [], "NextChoiceId": 4, "NextAnswerId": 1, "QuestionID": "QID10", "SubSelector": "TX", "Choices": {"1": {"Display": "Before applying to UGA"}, "2": {"Display": "During ILS/IPS interviews"}, "3": {"Display": "After being accepted to UGA but before the fall semester"}, "4": {"Display": "During ILS/IPS fall semester welcome events"}, "5": {"Display": "During rotations"}, "6": {"Display": "Other (specify below)", "TextEntry": "true", "TextEntrySize": "Small"}}, "ChoiceOrder": ["1", "2", "3", "4", "5", "6"]}}, {"SurveyID": "SV_8uYCLiVlYVfp0Ee", "Element": "SQ", "PrimaryAttribute": "QID11", "SecondaryAttribute": "Which of the following factors has caused you distress in the past year (if any)?", "TertiaryAttribute": null, "Payload": {"QuestionText": "(Choose all that apply) Which of the following factors has caused you distress in the past year (if any)?", "DataExportTag": "Q11", "QuestionType": "MC", "Selector": "MAVR", "Configuration": {"QuestionDescriptionOption": "UseText"}, "QuestionDescription": "Which of the following factors has caused you distress in the past year (if any)?", "Validation": {"Settings": {"ForceResponse": "OFF", "Type": "None"}}, "Language": [], "NextChoiceId": 4, "NextAnswerId": 1, "QuestionID": "QID11", "SubSelector": "TX", "Choices": {"1": {"Display": "N/A, none of the following has caused me distress in the past year"}, "2": {"Display": "Work-life balance"}, "3": {"Display": "Uncertainty around future career"}, "4": {"Display": "Personal financial issues"}, "5": {"Display": "Funding for research"}, "6": {"Display": "Physical health"}, "7": {"Display": "Mental health"}, "8": {"Display": "Political landscape"}, "9": {"Display": "Missing home/Culture shock"}, "10": {"Display": "Other"}}, "ChoiceOrder": ["1", "2", "3", "4", "5", "6", "7", "8", "9", "10"]}}, {"SurveyID": "SV_8uYCLiVlYVfp0Ee", "Element": "SQ", "PrimaryAttribute": "QID12", "SecondaryAttribute": "Which of the following factors have led you to consider leaving your graduate program in the past year (if any)?", "TertiaryAttribute": null, "Payload": {"QuestionText": "(Choose all that apply) Which of the following factors have led you to consider leaving your graduate program in the past year (if any)?", "DataExportTag": "Q12", "QuestionType": "MC", "Selector": "MAVR", "Configuration": {"QuestionDescriptionOption": "UseText"}, "QuestionDescription": "Which of the following factors have led you to consider leaving your graduate program in the past year (if any)?", "Validation": {"Settings": {"ForceResponse": "OFF", "Type": "None"}}, "Language": [], "NextChoiceId": 4, "NextAnswerId": 1, "QuestionID": "QID12", "SubSelector": "TX", "Choices": {"1": {"Display": "N/A, I didn't consider leaving my graduate program in the past year."}, "2": {"Display": "Work-life balance"}, "3": {"Display": "Uncertainty around future career"}, "4": {"Display": "Personal financial issues"}, "5": {"Display": "Funding for research"}, "6": {"Display": "Physical health"}, "7": {"Display": "Mental health"}, "8": {"Display": "Political landscape"}, "9": {"Display": "Missing home/Culture shock"}, "10": {"Display": "Other"}}, "ChoiceOrder": ["1", "2", "3", "4", "5", "6", "7", "8", "9", "10"]}}, {"SurveyID": "SV_8uYCLiVlYVfp0Ee", "Element": "SQ", "PrimaryAttribute": "QID13", "SecondaryAttribute": "In the past year, how satisfied have you been with each of the following aspects of your degree program?", "TertiaryAttribute": null, "Payload": {"QuestionText": "In the past year, how satisfied have you been with each of the following aspects of your degree program?", "DataExportTag": "Q13", "QuestionType": "Matrix", "Selector": "Likert", "Configuration": {"QuestionDescriptionOption": "UseText", "TextPosition": "inline", "ChoiceColumnWidth": 25, "RepeatHeaders": "none", "WhiteSpace": "OFF", "MobileFirst": true}, "QuestionDescription": "In the past year, how satisfied have you been with each of the following aspects of your degree program?", "Validation": {"Settings": {"ForceResponse": "OFF", "Type": "None"}}, "Language": [], "NextChoiceId": 4, "NextAnswerId": 1, "QuestionID": "QID13", "SubSelector": "SingleAnswer", "Choices": {"1": {"Display": "Quality of graduate coursework"}, "2": {"Display": "Professional relationship with dissertation advisor"}, "3": {"Display": "Departmental career development or training opportunities"}, "4": {"Display": "Financial support for research, training, or conferences"}, "5": {"Display": "Communication within IOB"}, "6": {"Display": "Stipend covering living expenses"}, "7": {"Display": "Infrastructure (Sapelo2, accessibility to space, equipment, etc)"}, "8": {"Display": "Interpersonal relationships with peers in IOB"}, "9": {"Display": "Other (specify below)", "TextEntry": "true", "TextEntrySize": "Small"}}, "ChoiceOrder": ["1", "2", "3", "4", "5", "6", "7", "8", "9"], "Answers": {"1": {"Display": "1-Very Dissatisfied"}, "2": {"Display": "2-Dissatisfied"}, "3": {"Display": "3-Neither Dissatisfied nor Satisfied"}, "4": {"Display": "4-Satisfied"}, "5": {"Display": "5-Very Satisfied"}}, "AnswerOrder": ["1", "2", "3", "4", "5"]}}, {"SurveyID": "SV_8uYCLiVlYVfp0Ee", "Element": "SQ", "PrimaryAttribute": "QID14", "SecondaryAttribute": "Knowing what you know now, how likely would you be to join IOB again?", "TertiaryAttribute": null, "Payload": {"QuestionText": "Knowing what you know now, how likely would you be to join IOB again?", "DataExportTag": "Q14", "QuestionType": "MC", "Selector": "SAHR", "Configuration": {"QuestionDescriptionOption": "UseText"}, "QuestionDescription": "Knowing what you know now, how likely would you be to join IOB again?", "Validation": {"Settings": {"ForceResponse": "OFF", "Type": "None"}}, "Language": [], "NextChoiceId": 4, "NextAnswerId": 1, "QuestionID": "QID14", "SubSelector": "TX", "Choices": {"1": {"Display": "1-Very Unlikely"}, "2": {"Display": "2-Unlikely"}, "3": {"Display": "3-Neutral"}, "4": {"Display": "4-Likely"}, "5": {"Display": "5-Very Likely"}}, "ChoiceOrder": ["1", "2", "3", "4", "5"]}}, {"SurveyID": "SV_8uYCLiVlYVfp0Ee", "Element": "SQ", "PrimaryAttribute": "QID15", "SecondaryAttribute": "Knowing what you know now, how likely would you be to join the same lab?", "TertiaryAttribute": null, "Payload": {"QuestionText": "Knowing what you know now, how likely would you be to join the same lab?", "DataExportTag": "Q15", "QuestionType": "MC", "Selector": "SAHR", "Configuration": {"QuestionDescriptionOption": "UseText"}, "QuestionDescription": "Knowing what you know now, how likely would you be to join the same lab?", "Validation": {"Settings": {"ForceResponse": "OFF", "Type": "None"}}, "Language": [], "NextChoiceId": 4, "NextAnswerId": 1, "QuestionID": "QID15", "SubSelector": "TX", "Choices": {"1": {"Display": "1-Very Unlikely"}, "2": {"Display": "2-Unlikely"}, "3": {"Display": "3-Neutral"}, "4": {"Display": "4-Likely"}, "5": {"Display": "5-Very Likely"}}, "ChoiceOrder": ["1", "2", "3", "4", "5"]}}, {"SurveyID": "SV_8uYCLiVlYVfp0Ee", "Element": "SQ", "PrimaryAttribute": "QID16", "SecondaryAttribute": "Please rate your satisfaction with the following aspects of your lab  in the past year:", "TertiaryAttribute": null, "Payload": {"QuestionText": "Please rate your satisfaction with the following aspects of your lab  in the past year:", "DataExportTag": "Q16", "QuestionType": "Matrix", "Selector": "Likert", "Configuration": {"QuestionDescriptionOption": "UseText", "TextPosition": "inline", "ChoiceColumnWidth": 25, "RepeatHeaders": "none", "WhiteSpace": "OFF", "MobileFirst": true}, "QuestionDescription": "Please rate your satisfaction with the following aspects of your lab  in the past year:", "Validation": {"Settings": {"ForceResponse": "OFF", "Type": "None"}}, "Language": [], "NextChoiceId": 4, "NextAnswerId": 1, "QuestionID": "QID16", "SubSelector": "SingleAnswer", "Choices": {"1": {"Display": "Relationship with PI"}, "2": {"Display": "Lab culture and dynamics"}, "3": {"Display": "Funding"}, "4": {"Display": "Research topic"}, "5": {"Display": "Day-to-day research experience"}, "6": {"Display": "Time for coursework and non-research activities"}, "7": {"Display": "Other (specify below)", "TextEntry": "true", "TextEntrySize": "Small"}}, "ChoiceOrder": ["1", "2", "3", "4", "5", "6", "7"], "Answers": {"1": {"Display": "1-Very Dissatisfied"}, "2": {"Display": "2-Dissatisfied"}, "3": {"Display": "3-Neither Dissatisfied nor Satisfied"}, "4": {"Display": "4-Satisfied"}, "5": {"Display": "5-Very Satisfied"}}, "AnswerOrder": ["1", "2", "3", "4", "5"]}}, {"SurveyID": "SV_8uYCLiVlYVfp0Ee", "Element": "SQ", "PrimaryAttribute": "QID17", "SecondaryAttribute": "Please select the following statements if they apply to you:", "TertiaryAttribute": null, "Payload": {"QuestionText": "(Choose all that apply) Please select the following statements if they apply to you:", "DataExportTag": "Q17", "QuestionType": "MC", "Selector": "MAVR", "Configuration": {"QuestionDescriptionOption": "UseText"}, "QuestionDescription": "Please select the following statements if they apply to you:", "Validation": {"Settings": {"ForceResponse": "OFF", "Type": "None"}}, "Language": [], "NextChoiceId": 4, "NextAnswerId": 1, "QuestionID": "QID17", "SubSelector": "TX", "Choices": {"1": {"Display": "I am aware of the requirements of the graduate program to graduate"}, "2": {"Display": "I feel confident I will graduate"}, "3": {"Display": "I have a timeline for my graduation"}, "4": {"Display": "I am confident that my career prospects are good"}, "5": {"Display": "I will be prepared for a career when I receive my degree"}, "6": {"Display": "I have seriously considered leaving the program in the past year"}, "7": {"Display": "None of the above"}}, "ChoiceOrder": ["1", "2", "3", "4", "5", "6", "7"]}}, {"SurveyID": "SV_8uYCLiVlYVfp0Ee", "Element": "SQ", "PrimaryAttribute": "QID18", "SecondaryAttribute": "In the past year, which of the following resources have you used when looking for information on how to navigate the graduate program or resolve non-research issues you are facing?", "TertiaryAttribute": null, "Payload": {"QuestionText": "(Choose all that apply) In the past year, which of the following resources have you used when looking for information on how to navigate the graduate program or resolve non-research issues you are facing?", "DataExportTag": "Q18", "QuestionType": "MC", "Selector": "MAVR", "Configuration": {"QuestionDescriptionOption": "UseText"}, "QuestionDescription": "In the past year, which of the following resources have you used when looking for information on how to navigate the graduate program or resolve non-research issues you are facing?", "Validation": {"Settings": {"ForceResponse": "OFF", "Type": "None"}}, "Language": [], "NextChoiceId": 4, "NextAnswerId": 1, "QuestionID": "QID18", "SubSelector": "TX", "Choices": {"1": {"Display": "Fellow graduate students"}, "2": {"Display": "Advisor/PI"}, "3": {"Display": "IOB staff"}, "4": {"Display": "Faculty Graduate Coordinator"}, "5": {"Display": "Thesis committee or other faculty"}, "6": {"Display": "Course materials from BINF 8001 Graduate Professional Development"}, "7": {"Display": "UGA websites (graduate school, health center, others)"}, "8": {"Display": "IOB website/student handbook"}, "9": {"Display": "Other (specify below)", "TextEntry": "true", "TextEntrySize": "Small"}}, "ChoiceOrder": ["1", "2", "3", "4", "5", "6", "7", "8", "9"]}}, {"SurveyID": "SV_8uYCLiVlYVfp0Ee", "Element": "SQ", "PrimaryAttribute": "QID19", "SecondaryAttribute": "Are you aware of departmental procedure for reporting harassment, discrimination, or other forms of unethical conduct?", "TertiaryAttribute": null, "Payload": {"QuestionText": "Are you aware of departmental procedure for reporting harassment, discrimination, or other forms of unethical conduct?", "DataExportTag": "Q19", "QuestionType": "MC", "Selector": "SAVR", "Configuration": {"QuestionDescriptionOption": "UseText"}, "QuestionDescription": "Are you aware of departmental procedure for reporting harassment, discrimination, or other forms of unethical conduct?", "Validation": {"Settings": {"ForceResponse": "OFF", "Type": "None"}}, "Language": [], "NextChoiceId": 4, "NextAnswerId": 1, "QuestionID": "QID19", "SubSelector": "TX", "Choices": {"1": {"Display": "Yes, and I would feel comfortable using them"}, "2": {"Display": "Yes, but I wouldn't feel comfortable using them"}, "3": {"Display": "No"}, "4": {"Display": "Unsure"}}, "ChoiceOrder": ["1", "2", "3", "4"]}}, {"SurveyID": "SV_8uYCLiVlYVfp0Ee", "Element": "SQ", "PrimaryAttribute": "QID20", "SecondaryAttribute": "How comfortable would you feel with reporting an incident of harassment, discrimination, or other forms of unethical conduct to each of the following?", "TertiaryAttribute": null, "Payload": {"QuestionText": "How comfortable would you feel with reporting an incident of harassment, discrimination, or other forms of unethical conduct to each of the following?", "DataExportTag": "Q20", "QuestionType": "Matrix", "Selector": "Likert", "Configuration": {"QuestionDescriptionOption": "UseText", "TextPosition": "inline", "ChoiceColumnWidth": 25, "RepeatHeaders": "none", "WhiteSpace": "OFF", "MobileFirst": true}, "QuestionDescription": "How comfortable would you feel with reporting an incident of harassment, discrimination, or other forms of unethical conduct to each of the following?", "Validation": {"Settings": {"ForceResponse": "OFF", "Type": "None"}}, "Language": [], "NextChoiceId": 4, "NextAnswerId": 1, "QuestionID": "QID20", "SubSelector": "SingleAnswer", "Choices": {"1": {"Display": "My PI"}, "2": {"Display": "My committee"}, "3": {"Display": "The director of IOB"}, "4": {"Display": "Faculty graduate coordinator"}, "5": {"Display": "Other PIs in IOB"}, "6": {"Display": "IOB staff"}, "7": {"Display": "Other graduate students"}}, "ChoiceOrder": ["1", "2", "3", "4", "5", "6", "7"], "Answers": {"1": {"Display": "1-Very Uncomfortable"}, "2": {"Display": "2-Uncomfortable"}, "3": {"Display": "3-Neither Uncomfortable or Comfortable"}, "4": {"Display": "4-Comfortable"}, "5": {"Display": "5-Very Comfortable"}}, "AnswerOrder": ["1", "2", "3", "4", "5"]}}, {"SurveyID": "SV_8uYCLiVlYVfp0Ee", "Element": "SQ", "PrimaryAttribute": "QID21", "SecondaryAttribute": "UGA defines discrimination as:", "TertiaryAttribute": null, "Payload": {"QuestionText": "UGA defines discrimination as:<br>Decision-making based on race, color, sex (including pregnancy), sexual orientation, gender identity, ethnicity or national origin, religion, age, genetic information, disability, or veteran status.<br>(https://eoo.uga.edu/policies/non-discrimination-anti-harassment-policy)<br><br>If you have experienced harassment or discrimination in IOB please consider reporting this to your PI, one of your committee members, or the graduate coordinator. See IOB reporting procedure <a href=https://iob.uga.edu/diversity/#.ZD8CJOzMKBQ>here</a>.<br><br>If you have experienced harassment or discrimination at UGA and do not want to report using departmental procedure please consider contacting the UGA Compliance, Ethics and Reporting hotline <a href=https://legal.uga.edu/guidance/compliance-ethics-reporting-hotline>here</a>.<br><br>If you have experience sexual harassment you can seek help and guidance with the <a href=https://healthcenter.uga.edu/who-should-i-talk-to/>Relationship and Sexual Violence Prevention (RSVP) Office at the University Health Center</a>.<br><br>If you have experienced harassment or discrimination and are unsure what resources are appropriate, you can <a href=https://ombuds.uga.edu/>contact a UGA ombudsperson</a>. Ombudspersons are designated individuals who serve as independent, neutral and informal resources for UGA students, faculty and staff.", "DataExportTag": "Q21", "QuestionType": "DB", "Selector": "TB", "Configuration": {"QuestionDescriptionOption": "UseText"}, "QuestionDescription": "UGA defines discrimination as:", "Validation": {"Settings": {"ForceResponse": "OFF", "Type": "None"}}, "Language": [], "NextChoiceId": 4, "NextAnswerId": 1, "QuestionID": "QID21"}}, {"SurveyID": "SV_8uYCLiVlYVfp0Ee", "Element": "SQ", "PrimaryAttribute": "QID22", "SecondaryAttribute": "In the past year, how often have you felt discriminated against at this university because of each of the personal characteristics below?", "TertiaryAttribute": null, "Payload": {"QuestionText": "In the past year, how often have you felt discriminated against at this university because of each of the personal characteristics below?", "DataExportTag": "Q22", "QuestionType": "Matrix", "Selector": "Likert", "Configuration": {"QuestionDescriptionOption": "UseText", "TextPosition": "inline", "ChoiceColumnWidth": 25, "RepeatHeaders": "none", "WhiteSpace": "OFF", "MobileFirst": true}, "QuestionDescription": "In the past year, how often have you felt discriminated against at this university because of each of the personal characteristics below?", "Validation": {"Settings": {"ForceResponse": "OFF", "Type": "None"}}, "Language": [], "NextChoiceId": 4, "NextAnswerId": 1, "QuestionID": "QID22", "SubSelector": "SingleAnswer", "Choices": {"1": {"Display": "Race/Ethnicity"}, "2": {"Display": "Gender"}, "3": {"Display": "Sexual orientation"}, "4": {"Display": "Religion"}, "5": {"Display": "Age"}, "6": {"Display": "Accent/dialect"}, "7": {"Display": "National origin"}, "8": {"Display": "Disability"}, "9": {"Display": "Socioeconomic/income level"}, "10": {"Display": "Veteran status"}}, "ChoiceOrder": ["1", "2", "3", "4", "5", "6", "7", "8", "9", "10"], "Answers": {"1": {"Display": "1-Never"}, "2": {"Display": "2-Rarely"}, "3": {"Display": "3-Sometimes"}, "4": {"Display": "4-Often"}, "5": {"Display": "5-Always"}}, "AnswerOrder": ["1", "2", "3", "4", "5"]}}, {"SurveyID": "SV_8uYCLiVlYVfp0Ee", "Element": "SQ", "PrimaryAttribute": "QID23", "SecondaryAttribute": "Which of the following statements would you say that you agree with?", "TertiaryAttribute": null, "Payload": {"QuestionText": "(Choose all that apply) Which of the following statements would you say that you agree with?", "DataExportTag": "Q23", "QuestionType": "MC", "Selector": "MAVR", "Configuration": {"QuestionDescriptionOption": "UseText"}, "QuestionDescription": "Which of the following statements would you say that you agree with?", "Validation": {"Settings": {"ForceResponse": "OFF", "Type": "None"}}, "Language": [], "NextChoiceId": 4, "NextAnswerId": 1, "QuestionID": "QID23", "SubSelector": "TX", "Choices": {"1": {"Display": "I feel like I belong in the Institute of Bioinformatics (IOB)."}, "2": {"Display": "I feel valued as an individual in the IOB."}, "3": {"Display": "I feel as though I have to work harder than my colleagues to be treated fairly."}, "4": {"Display": "I feel that I have to work harder than others to be perceived as a legitimate scholar in IOB."}, "5": {"Display": "I have found one or more communities, groups, or spaces at UGA where I feel welcome."}, "6": {"Display": "I have found one or more communities, groups, or spaces at UGA where I feel marginalized or excluded."}, "7": {"Display": "In the IOB, people are sometimes rejected for being different."}, "8": {"Display": "In the IOB, it is easy to discuss difficult issues and problems."}}, "ChoiceOrder": ["1", "2", "3", "4", "5", "6", "7", "8"]}}, {"SurveyID": "SV_8uYCLiVlYVfp0Ee", "Element": "SQ", "PrimaryAttribute": "QID24", "SecondaryAttribute": "In the past year, where have you felt your contributions are valued?", "TertiaryAttribute": null, "Payload": {"QuestionText": "(Choose all that apply) In the past year, where have you felt your contributions are valued?", "DataExportTag": "Q24", "QuestionType": "MC", "Selector": "MAVR", "Configuration": {"QuestionDescriptionOption": "UseText"}, "QuestionDescription": "In the past year, where have you felt your contributions are valued?", "Validation": {"Settings": {"ForceResponse": "OFF", "Type": "None"}}, "Language": [], "NextChoiceId": 4, "NextAnswerId": 1, "QuestionID": "QID24", "SubSelector": "TX", "Choices": {"1": {"Display": "in your lab."}, "2": {"Display": "among other graduate students."}, "3": {"Display": "in the Institute of Bioinformatics (IOB)."}, "4": {"Display": "at UGA."}, "5": {"Display": "None of the above"}}, "ChoiceOrder": ["1", "2", "3", "4", "5"]}}, {"SurveyID": "SV_8uYCLiVlYVfp0Ee", "Element": "SQ", "PrimaryAttribute": "QID25", "SecondaryAttribute": "In the past year, your meetings with your advisor...", "TertiaryAttribute": null, "Payload": {"QuestionText": "(Choose all that apply) In the past year, your meetings with your advisor...", "DataExportTag": "Q25", "QuestionType": "MC", "Selector": "MAVR", "Configuration": {"QuestionDescriptionOption": "UseText"}, "QuestionDescription": "In the past year, your meetings with your advisor...", "Validation": {"Settings": {"ForceResponse": "OFF", "Type": "None"}}, "Language": [], "NextChoiceId": 4, "NextAnswerId": 1, "QuestionID": "QID25", "SubSelector": "TX", "Choices": {"1": {"Display": "Occured at a frequency you're satisfied with"}, "2": {"Display": "Were meaningful and productive"}, "3": {"Display": "Neither of the above"}}, "ChoiceOrder": ["1", "2", "3"]}}, {"SurveyID": "SV_8uYCLiVlYVfp0Ee", "Element": "SQ", "PrimaryAttribute": "QID26", "SecondaryAttribute": "In the past year, your advisor has provided you with reasonable and satisfactory...", "TertiaryAttribute": null, "Payload": {"QuestionText": "(Choose all that apply) In the past year, your advisor has provided you with reasonable and satisfactory...", "DataExportTag": "Q26", "QuestionType": "MC", "Selector": "MAVR", "Configuration": {"QuestionDescriptionOption": "UseText"}, "QuestionDescription": "In the past year, your advisor has provided you with reasonable and satisfactory...", "Validation": {"Settings": {"ForceResponse": "OFF", "Type": "None"}}, "Language": [], "NextChoiceId": 4, "NextAnswerId": 1, "QuestionID": "QID26", "SubSelector": "TX", "Choices": {"1": {"Display": "Communication"}, "2": {"Display": "Expectations"}, "3": {"Display": "Training and supplies"}, "4": {"Display": "Research autonomy"}, "5": {"Display": "Office space and equipment"}, "6": {"Display": "None of the above"}}, "ChoiceOrder": ["1", "2", "3", "4", "5", "6"]}}, {"SurveyID": "SV_8uYCLiVlYVfp0Ee", "Element": "SQ", "PrimaryAttribute": "QID27", "SecondaryAttribute": "Please select the following statements if they are true of your relationship with your advisor in the past year.", "TertiaryAttribute": null, "Payload": {"QuestionText": "(Choose all that apply) Please select the following statements if they are true of your relationship with your advisor in the past year.", "DataExportTag": "Q27", "QuestionType": "MC", "Selector": "MAVR", "Configuration": {"QuestionDescriptionOption": "UseText"}, "QuestionDescription": "Please select the following statements if they are true of your relationship with your advisor in the past year.", "Validation": {"Settings": {"ForceResponse": "OFF", "Type": "None"}}, "Language": [], "NextChoiceId": 4, "NextAnswerId": 1, "QuestionID": "QID27", "SubSelector": "TX", "Choices": {"1": {"Display": "I feel comfortable advocating for myself when interacting with my advisor."}, "2": {"Display": "My advisor is supportive of my academic and professional goals."}, "3": {"Display": "My advisor is receptive to my needs as a person, not just a researcher."}, "4": {"Display": "My advisor respects and values my input and opinion."}, "5": {"Display": "None of the above"}}, "ChoiceOrder": ["1", "2", "3", "4", "5"]}}, {"SurveyID": "SV_8uYCLiVlYVfp0Ee", "Element": "SQ", "PrimaryAttribute": "QID28", "SecondaryAttribute": "Your committee meetings in the past year have been valuable for...", "TertiaryAttribute": null, "Payload": {"QuestionText": "(Choose all that apply) Your committee meetings in the past year have been valuable for...", "DataExportTag": "Q28", "QuestionType": "MC", "Selector": "MAVR", "Configuration": {"QuestionDescriptionOption": "UseText"}, "QuestionDescription": "Your committee meetings in the past year have been valuable for...", "Validation": {"Settings": {"ForceResponse": "OFF", "Type": "None"}}, "Language": [], "NextChoiceId": 4, "NextAnswerId": 1, "QuestionID": "QID28", "SubSelector": "TX", "Choices": {"1": {"Display": "Research development"}, "2": {"Display": "Career development"}, "3": {"Display": "Presentation skills"}, "4": {"Display": "Resolving conflict or disagreement with my advisor"}, "5": {"Display": "None of the above"}, "6": {"Display": "Not applicable"}}, "ChoiceOrder": ["1", "2", "3", "4", "5", "6"]}}, {"SurveyID": "SV_8uYCLiVlYVfp0Ee", "Element": "SQ", "PrimaryAttribute": "QID29", "SecondaryAttribute": "Please rate your agreement with the following statements:", "TertiaryAttribute": null, "Payload": {"QuestionText": "Please rate your agreement with the following statements:<br>In the past year, the IOB core curriculum...", "DataExportTag": "Q29", "QuestionType": "Matrix", "Selector": "Likert", "Configuration": {"QuestionDescriptionOption": "UseText", "TextPosition": "inline", "ChoiceColumnWidth": 25, "RepeatHeaders": "none", "WhiteSpace": "OFF", "MobileFirst": true}, "QuestionDescription": "Please rate your agreement with the following statements:", "Validation": {"Settings": {"ForceResponse": "OFF", "Type": "None"}}, "Language": [], "NextChoiceId": 4, "NextAnswerId": 1, "QuestionID": "QID29", "SubSelector": "SingleAnswer", "Choices": {"1": {"Display": "has challenged me to think critically about bioinformatics."}, "2": {"Display": "included enough background in biological concepts."}, "3": {"Display": "included enough background in computational skills."}, "4": {"Display": "included enough background in data analysis."}}, "ChoiceOrder": ["1", "2", "3", "4"], "Answers": {"1": {"Display": "1-Strongly Disagree"}, "2": {"Display": "2-Disagree"}, "3": {"Display": "3-Neither Agree or Disagree"}, "4": {"Display": "4-Agree"}, "5": {"Display": "5-Strongly Agree"}, "6": {"Display": "N/A"}}, "AnswerOrder": ["1", "2", "3", "4", "5", "6"]}}, {"SurveyID": "SV_8uYCLiVlYVfp0Ee", "Element": "SQ", "PrimaryAttribute": "QID30", "SecondaryAttribute": "Please rate your agreement with the following statements:", "TertiaryAttribute": null, "Payload": {"QuestionText": "Please rate your agreement with the following statements:<br>The skills and concepts I learned in IOB classes in the past year prepared me for...", "DataExportTag": "Q30", "QuestionType": "Matrix", "Selector": "Likert", "Configuration": {"QuestionDescriptionOption": "UseText", "TextPosition": "inline", "ChoiceColumnWidth": 25, "RepeatHeaders": "none", "WhiteSpace": "OFF", "MobileFirst": true}, "QuestionDescription": "Please rate your agreement with the following statements:", "Validation": {"Settings": {"ForceResponse": "OFF", "Type": "None"}}, "Language": [], "NextChoiceId": 4, "NextAnswerId": 1, "QuestionID": "QID30", "SubSelector": "SingleAnswer", "Choices": {"1": {"Display": "my current research."}, "2": {"Display": "my future career."}}, "ChoiceOrder": ["1", "2"], "Answers": {"1": {"Display": "1-Strongly Disagree"}, "2": {"Display": "2-Disagree"}, "3": {"Display": "3-Neither Agree or Disagree"}, "4": {"Display": "4-Agree"}, "5": {"Display": "5-Strongly Agree"}, "6": {"Display": "N/A"}}, "AnswerOrder": ["1", "2", "3", "4", "5", "6"]}}, {"SurveyID": "SV_8uYCLiVlYVfp0Ee", "Element": "SQ", "PrimaryAttribute": "QID31", "SecondaryAttribute": "Which of the following statements do you agree with?", "TertiaryAttribute": null, "Payload": {"QuestionText": "(Choose all that apply) Which of the following statements do you agree with?", "DataExportTag": "Q31", "QuestionType": "MC", "Selector": "MAVR", "Configuration": {"QuestionDescriptionOption": "UseText"}, "QuestionDescription": "Which of the following statements do you agree with?", "Validation": {"Settings": {"ForceResponse": "OFF", "Type": "None"}}, "Language": [], "NextChoiceId": 4, "NextAnswerId": 1, "QuestionID": "QID31", "SubSelector": "TX", "Choices": {"1": {"Display": "One or more of the IOB electives were relevant to my research/goals."}, "2": {"Display": "One or more of the other electives were relevant to my research/goals."}, "3": {"Display": "The courses I would be interested in taking were not available in IOB or other departments."}, "4": {"Display": "None of the above"}}, "ChoiceOrder": ["1", "2", "3", "4"]}}, {"SurveyID": "SV_8uYCLiVlYVfp0Ee", "Element": "SQ", "PrimaryAttribute": "QID32", "SecondaryAttribute": "Which of the following would you like to receive more communcation about from IOB?", "TertiaryAttribute": null, "Payload": {"QuestionText": "(Choose all that apply) Which of the following would you like to receive more communcation about from IOB?", "DataExportTag": "Q32", "QuestionType": "MC", "Selector": "MAVR", "Configuration": {"QuestionDescriptionOption": "UseText"}, "QuestionDescription": "Which of the following would you like to receive more communcation about from IOB?", "Validation": {"Settings": {"ForceResponse": "OFF", "Type": "None"}}, "Language": [], "NextChoiceId": 4, "NextAnswerId": 1, "QuestionID": "QID32", "SubSelector": "TX", "Choices": {"1": {"Display": "IOB events"}, "2": {"Display": "Dissertations"}, "3": {"Display": "Seminars"}, "4": {"Display": "New hires"}, "5": {"Display": "New course offerings"}, "6": {"Display": "Job openings"}, "7": {"Display": "Funding opportunities"}, "8": {"Display": "Conferences and workshops"}, "9": {"Display": "None of the above"}}, "ChoiceOrder": ["1", "2", "3", "4", "5", "6", "7", "8", "9"]}}, {"SurveyID": "SV_8uYCLiVlYVfp0Ee", "Element": "SQ", "PrimaryAttribute": "QID33", "SecondaryAttribute": "What would you like to see more of from BIGSA? Select all that apply:", "TertiaryAttribute": null, "Payload": {"QuestionText": "(Choose all that apply) What would you like to see more of from BIGSA? Select all that apply:", "DataExportTag": "Q33", "QuestionType": "MC", "Selector": "MAVR", "Configuration": {"QuestionDescriptionOption": "UseText"}, "QuestionDescription": "What would you like to see more of from BIGSA? Select all that apply:", "Validation": {"Settings": {"ForceResponse": "OFF", "Type": "None"}}, "Language": [], "NextChoiceId": 4, "NextAnswerId": 1, "QuestionID": "QID33", "SubSelector": "TX", "Choices": {"1": {"Display": "More events"}, "2": {"Display": "Different kinds of events"}, "3": {"Display": "More communication about events"}, "4": {"Display": "Events with food/drinks"}, "5": {"Display": "Activities that are paid for by IOB"}, "6": {"Display": "Other (specify below)", "TextEntry": "true", "TextEntrySize": "Small"}}, "ChoiceOrder": ["1", "2", "3", "4", "5", "6"]}}, {"SurveyID": "SV_8uYCLiVlYVfp0Ee", "Element": "SQ", "PrimaryAttribute": "QID34", "SecondaryAttribute": "I feel confident in my knowledge of the following university-related travel topics:", "TertiaryAttribute": null, "Payload": {"QuestionText": "(Choose all that apply) I feel confident in my knowledge of the following university-related travel topics:", "DataExportTag": "Q34", "QuestionType": "MC", "Selector": "MAVR", "Configuration": {"QuestionDescriptionOption": "UseText"}, "QuestionDescription": "I feel confident in my knowledge of the following university-related travel topics:", "Validation": {"Settings": {"ForceResponse": "OFF", "Type": "None"}}, "Language": [], "NextChoiceId": 4, "NextAnswerId": 1, "QuestionID": "QID34", "SubSelector": "TX", "Choices": {"1": {"Display": "The amount of funding available from my lab, IOB, and/or the graduate school"}, "2": {"Display": "Completing a travel authorization (TA)"}, "3": {"Display": "Which expenses must be initially paid for by the student vs. IOB"}, "4": {"Display": "Which expenses can be reimbursed (e.g., per diem, incidentals, mileage, transportation, etc.)"}, "5": {"Display": "Booking a hotel"}, "6": {"Display": "Reserving a rental car"}, "7": {"Display": "Completing expense reports"}, "8": {"Display": "None of the above"}}, "ChoiceOrder": ["1", "2", "3", "4", "5", "6", "7", "8"]}}, {"SurveyID": "SV_8uYCLiVlYVfp0Ee", "Element": "SQ", "PrimaryAttribute": "QID35", "SecondaryAttribute": "Which of the following sectors are you interested in working in?", "TertiaryAttribute": null, "Payload": {"QuestionText": "(Choose all that apply) Which of the following sectors are you interested in working in?", "DataExportTag": "Q35", "QuestionType": "MC", "Selector": "MAVR", "Configuration": {"QuestionDescriptionOption": "UseText"}, "QuestionDescription": "Which of the following sectors are you interested in working in?", "Validation": {"Settings": {"ForceResponse": "OFF", "Type": "None"}}, "Language": [], "NextChoiceId": 4, "NextAnswerId": 1, "QuestionID": "QID35", "SubSelector": "TX", "Choices": {"1": {"Display": "Academic (Research Focus)"}, "2": {"Display": "Academic (Teaching Focus)"}, "3": {"Display": "Biotechnology Industry"}, "4": {"Display": "Agricultural Industry"}, "5": {"Display": "Pharmaceutical Industry"}, "6": {"Display": "Healthcare Industry"}, "7": {"Display": "Science Communication"}, "8": {"Display": "Nonprofit Research Institute"}, "9": {"Display": "Science Policy"}, "10": {"Display": "Consulting"}, "11": {"Display": "National or State Labs"}, "12": {"Display": "Other (specify below)", "TextEntry": "true", "TextEntrySize": "Small"}}, "ChoiceOrder": ["1", "2", "3", "4", "5", "6", "7", "8", "9", "10", "11", "12"]}}, {"SurveyID": "SV_8uYCLiVlYVfp0Ee", "Element": "SQ", "PrimaryAttribute": "QID36", "SecondaryAttribute": "What kind of career development resources and opportunities would be helpful to you?", "TertiaryAttribute": null, "Payload": {"QuestionText": "(Choose all that apply) What kind of career development resources and opportunities would be helpful to you?", "DataExportTag": "Q36", "QuestionType": "MC", "Selector": "MAVR", "Configuration": {"QuestionDescriptionOption": "UseText"}, "QuestionDescription": "What kind of career development resources and opportunities would be helpful to you?", "Validation": {"Settings": {"ForceResponse": "OFF", "Type": "None"}}, "Language": [], "NextChoiceId": 4, "NextAnswerId": 1, "QuestionID": "QID36", "SubSelector": "TX", "Choices": {"1": {"Display": "Workshops geared toward learning a specific technical skill, concept, or software"}, "2": {"Display": "Workshops on developing soft skills"}, "3": {"Display": "Workshops on job search skills (resume building, Linked-In, interviews and salary negotiation, etc.)"}, "4": {"Display": "Career focused talks and panels by alumni and other speakers"}, "5": {"Display": "Networking events"}, "6": {"Display": "IOB-hired professional headhunter to assist in job preparation and placement"}, "7": {"Display": "Other (specify below)", "TextEntry": "true", "TextEntrySize": "Small"}}, "ChoiceOrder": ["1", "2", "3", "4", "5", "6", "7"]}}, {"SurveyID": "SV_8uYCLiVlYVfp0Ee", "Element": "SQ", "PrimaryAttribute": "QID37", "SecondaryAttribute": "Which of the following barriers have prevented you from attending conferences/workshops that you are interested in this the past year?", "TertiaryAttribute": null, "Payload": {"QuestionText": "(Choose all that apply) Which of the following barriers have prevented you from attending conferences/workshops that you are interested in this the past year?", "DataExportTag": "Q37", "QuestionType": "MC", "Selector": "MAVR", "Configuration": {"QuestionDescriptionOption": "UseText"}, "QuestionDescription": "Which of the following barriers have prevented you from attending conferences/workshops that you are interested in this the past year?", "Validation": {"Settings": {"ForceResponse": "OFF", "Type": "None"}}, "Language": [], "NextChoiceId": 4, "NextAnswerId": 1, "QuestionID": "QID37", "SubSelector": "TX", "Choices": {"1": {"Display": "No virtual option"}, "2": {"Display": "Lack of financial support"}, "3": {"Display": "Inability to travel (e.g. visa restrictions)"}, "4": {"Display": "Lack of PI support"}, "5": {"Display": "Conference location"}, "6": {"Display": "Family obligations"}, "7": {"Display": "Research obligations"}, "8": {"Display": "Course obligations"}, "9": {"Display": "Lack of awareness about available conferences/workshops"}, "10": {"Display": "N/A, I attend all the conferences/workshops I'm interested in"}, "11": {"Display": "Other (specify below)", "TextEntry": "true", "TextEntrySize": "Small"}}, "ChoiceOrder": ["1", "2", "3", "4", "5", "6", "7", "8", "9", "10", "11"]}}, {"SurveyID": "SV_8uYCLiVlYVfp0Ee", "Element": "SQ", "PrimaryAttribute": "QID38", "SecondaryAttribute": "In the past year, my funding has come from the following sources:", "TertiaryAttribute": null, "Payload": {"QuestionText": "(Choose all that apply) In the past year, my funding has come from the following sources:", "DataExportTag": "Q38", "QuestionType": "MC", "Selector": "MAVR", "Configuration": {"QuestionDescriptionOption": "UseText"}, "QuestionDescription": "In the past year, my funding has come from the following sources:", "Validation": {"Settings": {"ForceResponse": "OFF", "Type": "None"}}, "Language": [], "NextChoiceId": 4, "NextAnswerId": 1, "QuestionID": "QID38", "SubSelector": "TX", "Choices": {"1": {"Display": "External fellowship"}, "2": {"Display": "T32 training grant or other UGA fellowship"}, "3": {"Display": "Research assistantship (lab industry contract)"}, "4": {"Display": "Research assistantship (lab grant)"}, "5": {"Display": "Research assistantship (departmental funds)"}, "6": {"Display": "Research assistantship (government contract)"}, "7": {"Display": "Teaching assistantship (IOB)"}, "8": {"Display": "Teaching assistantship (other department)"}, "9": {"Display": "No funding support"}, "10": {"Display": "Unsure"}, "11": {"Display": "Other (specify below)", "TextEntry": "true", "TextEntrySize": "Small"}}, "ChoiceOrder": ["1", "2", "3", "4", "5", "6", "7", "8", "9", "10", "11"]}}, {"SurveyID": "SV_8uYCLiVlYVfp0Ee", "Element": "SQ", "PrimaryAttribute": "QID39", "SecondaryAttribute": "In the past year, how many of the following have caused you significant financial strain?", "TertiaryAttribute": null, "Payload": {"QuestionText": "(Choose all that apply) In the past year, how many of the following have caused you significant financial strain?", "DataExportTag": "Q39", "QuestionType": "MC", "Selector": "MAVR", "Configuration": {"QuestionDescriptionOption": "UseText"}, "QuestionDescription": "In the past year, how many of the following have caused you significant financial strain?", "Validation": {"Settings": {"ForceResponse": "OFF", "Type": "None"}}, "Language": [], "NextChoiceId": 4, "NextAnswerId": 1, "QuestionID": "QID39", "SubSelector": "TX", "Choices": {"1": {"Display": "No significant financial strain"}, "2": {"Display": "Cost of living (rent, utilities, food, etc.)"}, "3": {"Display": "IOB reimbursable expenses (e.g. conference registration fees)"}, "4": {"Display": "Debt (e.g. student loans)"}, "5": {"Display": "Recurring medical expenses"}, "6": {"Display": "Emergency/non-recurring medical expenses"}, "7": {"Display": "Other emergency expenses"}, "8": {"Display": "Other (specify below)", "TextEntry": "true", "TextEntrySize": "Small"}}, "ChoiceOrder": ["1", "2", "3", "4", "5", "6", "7", "8"]}}, {"SurveyID": "SV_8uYCLiVlYVfp0Ee", "Element": "SQ", "PrimaryAttribute": "QID40", "SecondaryAttribute": "In the past year, how many of the following have you used your personal funds for, without reimbursement?", "TertiaryAttribute": null, "Payload": {"QuestionText": "(Choose all that apply) In the past year, how many of the following have you used your personal funds for, without reimbursement?", "DataExportTag": "Q40", "QuestionType": "MC", "Selector": "MAVR", "Configuration": {"QuestionDescriptionOption": "UseText"}, "QuestionDescription": "In the past year, how many of the following have you used your personal funds for, without reimbursement?", "Validation": {"Settings": {"ForceResponse": "OFF", "Type": "None"}}, "Language": [], "NextChoiceId": 4, "NextAnswerId": 1, "QuestionID": "QID40", "SubSelector": "TX", "Choices": {"1": {"Display": "Office supplies"}, "2": {"Display": "Lab supplies"}, "3": {"Display": "Classroom supplies"}, "4": {"Display": "Conference costs"}, "5": {"Display": "Research-related software"}, "6": {"Display": "None of the above"}}, "ChoiceOrder": ["1", "2", "3", "4", "5", "6"]}}, {"SurveyID": "SV_8uYCLiVlYVfp0Ee", "Element": "SQ", "PrimaryAttribute": "QID41", "SecondaryAttribute": "On average, how many total hours per week have you spent on each of the following activities this past year?", "TertiaryAttribute": null, "Payload": {"QuestionText": "On average, how many total hours per week have you spent on each of the following activities this past year?", "DataExportTag": "Q41", "QuestionType": "CS", "Selector": "VRTL", "Configuration": {"QuestionDescriptionOption": "UseText"}, "QuestionDescription": "On average, how many total hours per week have you spent on each of the following activities this past year?", "Validation": {"Settings": {"ForceResponse": "OFF", "Type": "None"}}, "Language": [], "NextChoiceId": 4, "NextAnswerId": 1, "QuestionID": "QID41", "SubSelector": "TX", "Choices": {"1": {"Display": "Professional organizations and outreach activities"}, "2": {"Display": "Classwork"}, "3": {"Display": "Teaching"}, "4": {"Display": "Funding source"}, "5": {"Display": "Thesis/dissertation research"}}, "ChoiceOrder": ["1", "2", "3", "4", "5"]}}, {"SurveyID": "SV_8uYCLiVlYVfp0Ee", "Element": "SQ", "PrimaryAttribute": "QID42", "SecondaryAttribute": "Which of the following do you feel your PI would be supportive of you taking time off for?", "TertiaryAttribute": null, "Payload": {"QuestionText": "(Choose all that apply) Which of the following do you feel your PI would be supportive of you taking time off for?", "DataExportTag": "Q42", "QuestionType": "MC", "Selector": "MAVR", "Configuration": {"QuestionDescriptionOption": "UseText"}, "QuestionDescription": "Which of the following do you feel your PI would be supportive of you taking time off for?", "Validation": {"Settings": {"ForceResponse": "OFF", "Type": "None"}}, "Language": [], "NextChoiceId": 4, "NextAnswerId": 1, "QuestionID": "QID42", "SubSelector": "TX", "Choices": {"1": {"Display": "Parental leave"}, "2": {"Display": "Caregiving leave"}, "3": {"Display": "Physical health needs"}, "4": {"Display": "Mental health needs"}, "5": {"Display": "Travel required for visa requirements"}, "6": {"Display": "UGA holidays"}, "7": {"Display": "Personal days (including vacation)"}}, "ChoiceOrder": ["1", "2", "3", "4", "5", "6", "7"]}}, {"SurveyID": "SV_8uYCLiVlYVfp0Ee", "Element": "SQ", "PrimaryAttribute": "QID43", "SecondaryAttribute": "In the past year, how often have you had enough time outside of your academic and research comittments for your personal life, free time, and outside comittments?", "TertiaryAttribute": null, "Payload": {"QuestionText": "In the past year, how often have you had enough time outside of your academic and research comittments for your personal life, free time, and outside comittments?", "DataExportTag": "Q43", "QuestionType": "MC", "Selector": "SAHR", "Configuration": {"QuestionDescriptionOption": "UseText"}, "QuestionDescription": "In the past year, how often have you had enough time outside of your academic and research comittments for your personal life, free time, and outside comittments?", "Validation": {"Settings": {"ForceResponse": "OFF", "Type": "None"}}, "Language": [], "NextChoiceId": 4, "NextAnswerId": 1, "QuestionID": "QID43", "SubSelector": "TX", "Choices": {"1": {"Display": "1-Never"}, "2": {"Display": "2-Rarely"}, "3": {"Display": "3-Sometimes"}, "4": {"Display": "4-Often"}, "5": {"Display": "5-Always"}}, "ChoiceOrder": ["1", "2", "3", "4", "5"]}}, {"SurveyID": "SV_8uYCLiVlYVfp0Ee", "Element": "SQ", "PrimaryAttribute": "QID44", "SecondaryAttribute": "Which of the following activities have you been unable to keep up with this past year because you haven't had time outside of academic and research commitments?", "TertiaryAttribute": null, "Payload": {"QuestionText": "(Choose all that apply) Which of the following activities have you been unable to keep up with this past year because you haven't had time outside of academic and research commitments?", "DataExportTag": "Q44", "QuestionType": "MC", "Selector": "MAVR", "Configuration": {"QuestionDescriptionOption": "UseText"}, "QuestionDescription": "Which of the following activities have you been unable to keep up with this past year because you haven't had time outside of academic and research commitments?", "Validation": {"Settings": {"ForceResponse": "OFF", "Type": "None"}}, "Language": [], "NextChoiceId": 4, "NextAnswerId": 1, "QuestionID": "QID44", "SubSelector": "TX", "Choices": {"1": {"Display": "Spending time with family"}, "2": {"Display": "Exercise"}, "3": {"Display": "Volunteering, advocacy, and outreach"}, "4": {"Display": "Preparing meals"}, "5": {"Display": "Socializing outside of work"}, "6": {"Display": "Attending cultural events and religious observances"}, "7": {"Display": "Hobbies or other activities you enjoy"}, "8": {"Display": "None of the above"}}, "ChoiceOrder": ["1", "2", "3", "4", "5", "6", "7", "8"]}}, {"SurveyID": "SV_8uYCLiVlYVfp0Ee", "Element": "SQ", "PrimaryAttribute": "QID45", "SecondaryAttribute": "In the past year, how would you rate your mental and emotional health?", "TertiaryAttribute": null, "Payload": {"QuestionText": "In the past year, how would you rate your mental and emotional health?", "DataExportTag": "Q45", "QuestionType": "MC", "Selector": "SAHR", "Configuration": {"QuestionDescriptionOption": "UseText"}, "QuestionDescription": "In the past year, how would you rate your mental and emotional health?", "Validation": {"Settings": {"ForceResponse": "OFF", "Type": "None"}}, "Language": [], "NextChoiceId": 4, "NextAnswerId": 1, "QuestionID": "QID45", "SubSelector": "TX", "Choices": {"1": {"Display": "1-Very Poor"}, "2": {"Display": "2-Poor"}, "3": {"Display": "3-Acceptable"}, "4": {"Display": "4-Good"}, "5": {"Display": "5-Very Good"}}, "ChoiceOrder": ["1", "2", "3", "4", "5"]}}, {"SurveyID": "SV_8uYCLiVlYVfp0Ee", "Element": "SQ", "PrimaryAttribute": "QID46", "SecondaryAttribute": "In the past year, what has been the impact of the graduate program on your mental health (or well being)?", "TertiaryAttribute": null, "Payload": {"QuestionText": "In the past year, what has been the impact of the graduate program on your mental health (or well being)?", "DataExportTag": "Q46", "QuestionType": "MC", "Selector": "SAVR", "Configuration": {"QuestionDescriptionOption": "UseText"}, "QuestionDescription": "In the past year, what has been the impact of the graduate program on your mental health (or well being)?", "Validation": {"Settings": {"ForceResponse": "OFF", "Type": "None"}}, "Language": [], "NextChoiceId": 4, "NextAnswerId": 1, "QuestionID": "QID46", "SubSelector": "TX", "Choices": {"1": {"Display": "Positive"}, "2": {"Display": "Neutral"}, "3": {"Display": "Negative - and I have sought professional help"}, "4": {"Display": "Negative - and I have not sought professional help"}, "5": {"Display": "Prefer not to answer"}}, "ChoiceOrder": ["1", "2", "3", "4", "5"]}}, {"SurveyID": "SV_8uYCLiVlYVfp0Ee", "Element": "SQ", "PrimaryAttribute": "QID47", "SecondaryAttribute": "If there is anything else you would like to share with us, please do so below.", "TertiaryAttribute": null, "Payload": {"QuestionText": "If there is anything else you would like to share with us, please do so below.", "DataExportTag": "Q47", "QuestionType": "TE", "Selector": "ML", "Configuration": {"QuestionDescriptionOption": "UseText"}, "QuestionDescription": "If there is anything else you would like to share with us, please do so below.", "Validation": {"Settings": {"ForceResponse": "OFF", "Type": "None"}}, "Language": [], "NextChoiceId": 4, "NextAnswerId": 1, "QuestionID": "QID47"}}, {"SurveyID": "SV_8uYCLiVlYVfp0Ee", "Element": "SQ", "PrimaryAttribute": "QID48", "SecondaryAttribute": "If there are any questions you think we missed that should be added to the survey next year, please explain below.", "TertiaryAttribute": null, "Payload": {"QuestionText": "If there are any questions you think we missed that should be added to the survey next year, please explain below.", "DataExportTag": "Q48", "QuestionType": "TE", "Selector": "ML", "Configuration": {"QuestionDescriptionOption": "UseText"}, "QuestionDescription": "If there are any questions you think we missed that should be added to the survey next year, please explain below.", "Validation": {"Settings": {"ForceResponse": "OFF", "Type": "None"}}, "Language": [], "NextChoiceId": 4, "NextAnswerId": 1, "QuestionID": "QID48"}}]}